// !$*UTF8*$!
{
	archiveVersion = 1;
	classes = {
	};
	objectVersion = 52;
	objects = {

/* Begin PBXBuildFile section */
		FA0FB89D23811DC800B6E84F /* StaggeredGridView.swift in Sources */ = {isa = PBXBuildFile; fileRef = FA0FB89C23811DC800B6E84F /* StaggeredGridView.swift */; };
		FA0FB89F23811E5900B6E84F /* SharedAssets.xcassets in Resources */ = {isa = PBXBuildFile; fileRef = FA0FB89E23811E5900B6E84F /* SharedAssets.xcassets */; };
		FA0FB8A023811E5900B6E84F /* SharedAssets.xcassets in Resources */ = {isa = PBXBuildFile; fileRef = FA0FB89E23811E5900B6E84F /* SharedAssets.xcassets */; };
		FA0FB8A123811E5900B6E84F /* SharedAssets.xcassets in Resources */ = {isa = PBXBuildFile; fileRef = FA0FB89E23811E5900B6E84F /* SharedAssets.xcassets */; };
		FA0FB8A223811E5900B6E84F /* SharedAssets.xcassets in Resources */ = {isa = PBXBuildFile; fileRef = FA0FB89E23811E5900B6E84F /* SharedAssets.xcassets */; };
		FA0FB8A423812AA500B6E84F /* StaggeredGridView.swift in Sources */ = {isa = PBXBuildFile; fileRef = FA0FB8A323812AA500B6E84F /* StaggeredGridView.swift */; };
		FA0FB8A723812DFA00B6E84F /* StaggeredGridView.swift in Sources */ = {isa = PBXBuildFile; fileRef = FA0FB8A623812DFA00B6E84F /* StaggeredGridView.swift */; };
		FA0FB8A923812F3700B6E84F /* StaggeredGridView.swift in Sources */ = {isa = PBXBuildFile; fileRef = FA0FB8A823812F3700B6E84F /* StaggeredGridView.swift */; };
		FA31E11D237E4EED005799AD /* ModularGridView.swift in Sources */ = {isa = PBXBuildFile; fileRef = FA31E11C237E4EED005799AD /* ModularGridView.swift */; };
		FA31E11F237E511B005799AD /* ModularGridView.swift in Sources */ = {isa = PBXBuildFile; fileRef = FA31E11E237E511B005799AD /* ModularGridView.swift */; };
		FA31E121237E521A005799AD /* ModularGridView.swift in Sources */ = {isa = PBXBuildFile; fileRef = FA31E120237E521A005799AD /* ModularGridView.swift */; };
		FA31E123237E5381005799AD /* ModularGridView.swift in Sources */ = {isa = PBXBuildFile; fileRef = FA31E122237E5381005799AD /* ModularGridView.swift */; };
		FA61E95A23134505006A5B6B /* GridExamples watchOS WatchKit App.app in Embed Watch Content */ = {isa = PBXBuildFile; fileRef = FA61E95923134505006A5B6B /* GridExamples watchOS WatchKit App.app */; settings = {ATTRIBUTES = (RemoveHeadersOnCopy, ); }; };
		FA61E96023134505006A5B6B /* Interface.storyboard in Resources */ = {isa = PBXBuildFile; fileRef = FA61E95E23134505006A5B6B /* Interface.storyboard */; };
		FA61E96223134507006A5B6B /* Assets.xcassets in Resources */ = {isa = PBXBuildFile; fileRef = FA61E96123134507006A5B6B /* Assets.xcassets */; };
		FA61E96E23134507006A5B6B /* ContentView.swift in Sources */ = {isa = PBXBuildFile; fileRef = FA61E96D23134507006A5B6B /* ContentView.swift */; };
		FA61E97023134507006A5B6B /* HostingController.swift in Sources */ = {isa = PBXBuildFile; fileRef = FA61E96F23134507006A5B6B /* HostingController.swift */; };
		FA61E97223134507006A5B6B /* ExtensionDelegate.swift in Sources */ = {isa = PBXBuildFile; fileRef = FA61E97123134507006A5B6B /* ExtensionDelegate.swift */; };
		FA61E97423134508006A5B6B /* Assets.xcassets in Resources */ = {isa = PBXBuildFile; fileRef = FA61E97323134508006A5B6B /* Assets.xcassets */; };
		FA61E97723134508006A5B6B /* Preview Assets.xcassets in Resources */ = {isa = PBXBuildFile; fileRef = FA61E97623134508006A5B6B /* Preview Assets.xcassets */; };
		FA61E98523134656006A5B6B /* Grid in Frameworks */ = {isa = PBXBuildFile; productRef = FA61E98423134656006A5B6B /* Grid */; };
		FA61E98623134C61006A5B6B /* GridExamples watchOS WatchKit Extension.appex in Embed App Extensions */ = {isa = PBXBuildFile; fileRef = FA61E96823134507006A5B6B /* GridExamples watchOS WatchKit Extension.appex */; settings = {ATTRIBUTES = (RemoveHeadersOnCopy, ); }; };
		FA61E98A23134CF8006A5B6B /* Color+Random.swift in Sources */ = {isa = PBXBuildFile; fileRef = FA902160230B379D00BF9341 /* Color+Random.swift */; };
		FA61E98F23134D3F006A5B6B /* Card.swift in Sources */ = {isa = PBXBuildFile; fileRef = FA902163230B389900BF9341 /* Card.swift */; };
		FA61E997231351FC006A5B6B /* AppDelegate.swift in Sources */ = {isa = PBXBuildFile; fileRef = FA61E996231351FC006A5B6B /* AppDelegate.swift */; };
		FA61E999231351FC006A5B6B /* ContentView.swift in Sources */ = {isa = PBXBuildFile; fileRef = FA61E998231351FC006A5B6B /* ContentView.swift */; };
		FA61E99B231351FD006A5B6B /* Assets.xcassets in Resources */ = {isa = PBXBuildFile; fileRef = FA61E99A231351FD006A5B6B /* Assets.xcassets */; };
		FA61E99E231351FD006A5B6B /* Preview Assets.xcassets in Resources */ = {isa = PBXBuildFile; fileRef = FA61E99D231351FD006A5B6B /* Preview Assets.xcassets */; };
		FA61E9A1231351FD006A5B6B /* LaunchScreen.storyboard in Resources */ = {isa = PBXBuildFile; fileRef = FA61E99F231351FD006A5B6B /* LaunchScreen.storyboard */; };
		FA61E9A723135319006A5B6B /* Grid in Frameworks */ = {isa = PBXBuildFile; productRef = FA61E9A623135319006A5B6B /* Grid */; };
		FA61E9A82313535F006A5B6B /* Color+Random.swift in Sources */ = {isa = PBXBuildFile; fileRef = FA902160230B379D00BF9341 /* Color+Random.swift */; };
		FA61E9A92313535F006A5B6B /* Card.swift in Sources */ = {isa = PBXBuildFile; fileRef = FA902163230B389900BF9341 /* Card.swift */; };
		FA66B37D235653DC00AB542A /* Grid in Frameworks */ = {isa = PBXBuildFile; productRef = FA66B37C235653DC00AB542A /* Grid */; };
		FA902115230B32EA00BF9341 /* AppDelegate.swift in Sources */ = {isa = PBXBuildFile; fileRef = FA902114230B32EA00BF9341 /* AppDelegate.swift */; };
		FA902117230B32EA00BF9341 /* SceneDelegate.swift in Sources */ = {isa = PBXBuildFile; fileRef = FA902116230B32EA00BF9341 /* SceneDelegate.swift */; };
		FA902119230B32EA00BF9341 /* ContentView.swift in Sources */ = {isa = PBXBuildFile; fileRef = FA902118230B32EA00BF9341 /* ContentView.swift */; };
		FA90211B230B32EC00BF9341 /* Assets.xcassets in Resources */ = {isa = PBXBuildFile; fileRef = FA90211A230B32EC00BF9341 /* Assets.xcassets */; };
		FA90211E230B32EC00BF9341 /* Preview Assets.xcassets in Resources */ = {isa = PBXBuildFile; fileRef = FA90211D230B32EC00BF9341 /* Preview Assets.xcassets */; };
		FA902121230B32EC00BF9341 /* LaunchScreen.storyboard in Resources */ = {isa = PBXBuildFile; fileRef = FA90211F230B32EC00BF9341 /* LaunchScreen.storyboard */; };
		FA902149230B341C00BF9341 /* AppDelegate.swift in Sources */ = {isa = PBXBuildFile; fileRef = FA902148230B341C00BF9341 /* AppDelegate.swift */; };
		FA90214B230B341C00BF9341 /* ContentView.swift in Sources */ = {isa = PBXBuildFile; fileRef = FA90214A230B341C00BF9341 /* ContentView.swift */; };
		FA90214D230B341D00BF9341 /* Assets.xcassets in Resources */ = {isa = PBXBuildFile; fileRef = FA90214C230B341D00BF9341 /* Assets.xcassets */; };
		FA902150230B341D00BF9341 /* Preview Assets.xcassets in Resources */ = {isa = PBXBuildFile; fileRef = FA90214F230B341D00BF9341 /* Preview Assets.xcassets */; };
		FA902153230B341D00BF9341 /* Main.storyboard in Resources */ = {isa = PBXBuildFile; fileRef = FA902151230B341D00BF9341 /* Main.storyboard */; };
		FA90215B230B346600BF9341 /* Grid in Frameworks */ = {isa = PBXBuildFile; productRef = FA90215A230B346600BF9341 /* Grid */; };
		FA902161230B379D00BF9341 /* Color+Random.swift in Sources */ = {isa = PBXBuildFile; fileRef = FA902160230B379D00BF9341 /* Color+Random.swift */; };
		FA902162230B379D00BF9341 /* Color+Random.swift in Sources */ = {isa = PBXBuildFile; fileRef = FA902160230B379D00BF9341 /* Color+Random.swift */; };
		FA902164230B389900BF9341 /* Card.swift in Sources */ = {isa = PBXBuildFile; fileRef = FA902163230B389900BF9341 /* Card.swift */; };
		FA902165230B389900BF9341 /* Card.swift in Sources */ = {isa = PBXBuildFile; fileRef = FA902163230B389900BF9341 /* Card.swift */; };
		FAA99F032381FCBB00CE1632 /* ModularGridSettingsView.swift in Sources */ = {isa = PBXBuildFile; fileRef = FAA99F022381FCBB00CE1632 /* ModularGridSettingsView.swift */; };
		FAA99F0523821F3200CE1632 /* StaggeredGridSettingsView.swift in Sources */ = {isa = PBXBuildFile; fileRef = FAA99F0423821F3200CE1632 /* StaggeredGridSettingsView.swift */; };
		FAAF755F2381E9F500DFDE03 /* Item.swift in Sources */ = {isa = PBXBuildFile; fileRef = FAAF755E2381E9F500DFDE03 /* Item.swift */; };
		FAAF75602381E9F500DFDE03 /* Item.swift in Sources */ = {isa = PBXBuildFile; fileRef = FAAF755E2381E9F500DFDE03 /* Item.swift */; };
		FAAF75612381E9F500DFDE03 /* Item.swift in Sources */ = {isa = PBXBuildFile; fileRef = FAAF755E2381E9F500DFDE03 /* Item.swift */; };
		FAAF75622381E9F500DFDE03 /* Item.swift in Sources */ = {isa = PBXBuildFile; fileRef = FAAF755E2381E9F500DFDE03 /* Item.swift */; };
/* End PBXBuildFile section */

/* Begin PBXContainerItemProxy section */
		FA61E95B23134505006A5B6B /* PBXContainerItemProxy */ = {
			isa = PBXContainerItemProxy;
			containerPortal = FA902107230B32A500BF9341 /* Project object */;
			proxyType = 1;
			remoteGlobalIDString = FA61E95823134505006A5B6B;
			remoteInfo = "GridExamples watchOS WatchKit App";
		};
		FA61E98723134C61006A5B6B /* PBXContainerItemProxy */ = {
			isa = PBXContainerItemProxy;
			containerPortal = FA902107230B32A500BF9341 /* Project object */;
			proxyType = 1;
			remoteGlobalIDString = FA61E96723134507006A5B6B;
			remoteInfo = "GridExamples watchOS WatchKit Extension";
		};
/* End PBXContainerItemProxy section */

/* Begin PBXCopyFilesBuildPhase section */
		FA61E97B23134508006A5B6B /* Embed Watch Content */ = {
			isa = PBXCopyFilesBuildPhase;
			buildActionMask = 2147483647;
			dstPath = "$(CONTENTS_FOLDER_PATH)/Watch";
			dstSubfolderSpec = 16;
			files = (
				FA61E95A23134505006A5B6B /* GridExamples watchOS WatchKit App.app in Embed Watch Content */,
			);
			name = "Embed Watch Content";
			runOnlyForDeploymentPostprocessing = 0;
		};
		FA61E98923134C61006A5B6B /* Embed App Extensions */ = {
			isa = PBXCopyFilesBuildPhase;
			buildActionMask = 2147483647;
			dstPath = "";
			dstSubfolderSpec = 13;
			files = (
				FA61E98623134C61006A5B6B /* GridExamples watchOS WatchKit Extension.appex in Embed App Extensions */,
			);
			name = "Embed App Extensions";
			runOnlyForDeploymentPostprocessing = 0;
		};
/* End PBXCopyFilesBuildPhase section */

/* Begin PBXFileReference section */
		FA0FB89C23811DC800B6E84F /* StaggeredGridView.swift */ = {isa = PBXFileReference; lastKnownFileType = sourcecode.swift; path = StaggeredGridView.swift; sourceTree = "<group>"; };
		FA0FB89E23811E5900B6E84F /* SharedAssets.xcassets */ = {isa = PBXFileReference; lastKnownFileType = folder.assetcatalog; path = SharedAssets.xcassets; sourceTree = "<group>"; };
		FA0FB8A323812AA500B6E84F /* StaggeredGridView.swift */ = {isa = PBXFileReference; lastKnownFileType = sourcecode.swift; path = StaggeredGridView.swift; sourceTree = "<group>"; };
		FA0FB8A623812DFA00B6E84F /* StaggeredGridView.swift */ = {isa = PBXFileReference; lastKnownFileType = sourcecode.swift; path = StaggeredGridView.swift; sourceTree = "<group>"; };
		FA0FB8A823812F3700B6E84F /* StaggeredGridView.swift */ = {isa = PBXFileReference; lastKnownFileType = sourcecode.swift; path = StaggeredGridView.swift; sourceTree = "<group>"; };
		FA31E11C237E4EED005799AD /* ModularGridView.swift */ = {isa = PBXFileReference; lastKnownFileType = sourcecode.swift; path = ModularGridView.swift; sourceTree = "<group>"; };
		FA31E11E237E511B005799AD /* ModularGridView.swift */ = {isa = PBXFileReference; lastKnownFileType = sourcecode.swift; path = ModularGridView.swift; sourceTree = "<group>"; };
		FA31E120237E521A005799AD /* ModularGridView.swift */ = {isa = PBXFileReference; lastKnownFileType = sourcecode.swift; path = ModularGridView.swift; sourceTree = "<group>"; };
		FA31E122237E5381005799AD /* ModularGridView.swift */ = {isa = PBXFileReference; lastKnownFileType = sourcecode.swift; path = ModularGridView.swift; sourceTree = "<group>"; };
		FA61E95623134504006A5B6B /* GridExamples watchOS.app */ = {isa = PBXFileReference; explicitFileType = wrapper.application; includeInIndex = 0; path = "GridExamples watchOS.app"; sourceTree = BUILT_PRODUCTS_DIR; };
		FA61E95923134505006A5B6B /* GridExamples watchOS WatchKit App.app */ = {isa = PBXFileReference; explicitFileType = wrapper.application; includeInIndex = 0; path = "GridExamples watchOS WatchKit App.app"; sourceTree = BUILT_PRODUCTS_DIR; };
		FA61E95F23134505006A5B6B /* Base */ = {isa = PBXFileReference; lastKnownFileType = file.storyboard; name = Base; path = Base.lproj/Interface.storyboard; sourceTree = "<group>"; };
		FA61E96123134507006A5B6B /* Assets.xcassets */ = {isa = PBXFileReference; lastKnownFileType = folder.assetcatalog; path = Assets.xcassets; sourceTree = "<group>"; };
		FA61E96323134507006A5B6B /* Info.plist */ = {isa = PBXFileReference; lastKnownFileType = text.plist.xml; path = Info.plist; sourceTree = "<group>"; };
		FA61E96823134507006A5B6B /* GridExamples watchOS WatchKit Extension.appex */ = {isa = PBXFileReference; explicitFileType = "wrapper.app-extension"; includeInIndex = 0; path = "GridExamples watchOS WatchKit Extension.appex"; sourceTree = BUILT_PRODUCTS_DIR; };
		FA61E96D23134507006A5B6B /* ContentView.swift */ = {isa = PBXFileReference; lastKnownFileType = sourcecode.swift; path = ContentView.swift; sourceTree = "<group>"; };
		FA61E96F23134507006A5B6B /* HostingController.swift */ = {isa = PBXFileReference; lastKnownFileType = sourcecode.swift; path = HostingController.swift; sourceTree = "<group>"; };
		FA61E97123134507006A5B6B /* ExtensionDelegate.swift */ = {isa = PBXFileReference; lastKnownFileType = sourcecode.swift; path = ExtensionDelegate.swift; sourceTree = "<group>"; };
		FA61E97323134508006A5B6B /* Assets.xcassets */ = {isa = PBXFileReference; lastKnownFileType = folder.assetcatalog; path = Assets.xcassets; sourceTree = "<group>"; };
		FA61E97623134508006A5B6B /* Preview Assets.xcassets */ = {isa = PBXFileReference; lastKnownFileType = folder.assetcatalog; path = "Preview Assets.xcassets"; sourceTree = "<group>"; };
		FA61E97823134508006A5B6B /* Info.plist */ = {isa = PBXFileReference; lastKnownFileType = text.plist.xml; path = Info.plist; sourceTree = "<group>"; };
		FA61E994231351FC006A5B6B /* GridExamples.app */ = {isa = PBXFileReference; explicitFileType = wrapper.application; includeInIndex = 0; path = GridExamples.app; sourceTree = BUILT_PRODUCTS_DIR; };
		FA61E996231351FC006A5B6B /* AppDelegate.swift */ = {isa = PBXFileReference; lastKnownFileType = sourcecode.swift; path = AppDelegate.swift; sourceTree = "<group>"; };
		FA61E998231351FC006A5B6B /* ContentView.swift */ = {isa = PBXFileReference; lastKnownFileType = sourcecode.swift; path = ContentView.swift; sourceTree = "<group>"; };
		FA61E99A231351FD006A5B6B /* Assets.xcassets */ = {isa = PBXFileReference; lastKnownFileType = folder.assetcatalog; path = Assets.xcassets; sourceTree = "<group>"; };
		FA61E99D231351FD006A5B6B /* Preview Assets.xcassets */ = {isa = PBXFileReference; lastKnownFileType = folder.assetcatalog; path = "Preview Assets.xcassets"; sourceTree = "<group>"; };
		FA61E9A0231351FD006A5B6B /* Base */ = {isa = PBXFileReference; lastKnownFileType = file.storyboard; name = Base; path = Base.lproj/LaunchScreen.storyboard; sourceTree = "<group>"; };
		FA61E9A2231351FD006A5B6B /* Info.plist */ = {isa = PBXFileReference; lastKnownFileType = text.plist.xml; path = Info.plist; sourceTree = "<group>"; };
		FA6ED895231197C600651DD9 /* GridExamples iOS.entitlements */ = {isa = PBXFileReference; lastKnownFileType = text.plist.entitlements; path = "GridExamples iOS.entitlements"; sourceTree = "<group>"; };
		FA902111230B32EA00BF9341 /* GridExamples.app */ = {isa = PBXFileReference; explicitFileType = wrapper.application; includeInIndex = 0; path = GridExamples.app; sourceTree = BUILT_PRODUCTS_DIR; };
		FA902114230B32EA00BF9341 /* AppDelegate.swift */ = {isa = PBXFileReference; lastKnownFileType = sourcecode.swift; path = AppDelegate.swift; sourceTree = "<group>"; };
		FA902116230B32EA00BF9341 /* SceneDelegate.swift */ = {isa = PBXFileReference; lastKnownFileType = sourcecode.swift; path = SceneDelegate.swift; sourceTree = "<group>"; };
		FA902118230B32EA00BF9341 /* ContentView.swift */ = {isa = PBXFileReference; lastKnownFileType = sourcecode.swift; path = ContentView.swift; sourceTree = "<group>"; };
		FA90211A230B32EC00BF9341 /* Assets.xcassets */ = {isa = PBXFileReference; lastKnownFileType = folder.assetcatalog; path = Assets.xcassets; sourceTree = "<group>"; };
		FA90211D230B32EC00BF9341 /* Preview Assets.xcassets */ = {isa = PBXFileReference; lastKnownFileType = folder.assetcatalog; path = "Preview Assets.xcassets"; sourceTree = "<group>"; };
		FA902120230B32EC00BF9341 /* Base */ = {isa = PBXFileReference; lastKnownFileType = file.storyboard; name = Base; path = Base.lproj/LaunchScreen.storyboard; sourceTree = "<group>"; };
		FA902122230B32EC00BF9341 /* Info.plist */ = {isa = PBXFileReference; lastKnownFileType = text.plist.xml; path = Info.plist; sourceTree = "<group>"; };
		FA902129230B335C00BF9341 /* grid */ = {isa = PBXFileReference; lastKnownFileType = folder; name = grid; path = ..; sourceTree = "<group>"; };
		FA902146230B341C00BF9341 /* GridExamples.app */ = {isa = PBXFileReference; explicitFileType = wrapper.application; includeInIndex = 0; path = GridExamples.app; sourceTree = BUILT_PRODUCTS_DIR; };
		FA902148230B341C00BF9341 /* AppDelegate.swift */ = {isa = PBXFileReference; lastKnownFileType = sourcecode.swift; path = AppDelegate.swift; sourceTree = "<group>"; };
		FA90214A230B341C00BF9341 /* ContentView.swift */ = {isa = PBXFileReference; lastKnownFileType = sourcecode.swift; path = ContentView.swift; sourceTree = "<group>"; };
		FA90214C230B341D00BF9341 /* Assets.xcassets */ = {isa = PBXFileReference; lastKnownFileType = folder.assetcatalog; path = Assets.xcassets; sourceTree = "<group>"; };
		FA90214F230B341D00BF9341 /* Preview Assets.xcassets */ = {isa = PBXFileReference; lastKnownFileType = folder.assetcatalog; path = "Preview Assets.xcassets"; sourceTree = "<group>"; };
		FA902152230B341D00BF9341 /* Base */ = {isa = PBXFileReference; lastKnownFileType = file.storyboard; name = Base; path = Base.lproj/Main.storyboard; sourceTree = "<group>"; };
		FA902154230B341D00BF9341 /* Info.plist */ = {isa = PBXFileReference; lastKnownFileType = text.plist.xml; path = Info.plist; sourceTree = "<group>"; };
		FA902155230B341D00BF9341 /* GridExamples_macOS.entitlements */ = {isa = PBXFileReference; lastKnownFileType = text.plist.entitlements; path = GridExamples_macOS.entitlements; sourceTree = "<group>"; };
		FA902160230B379D00BF9341 /* Color+Random.swift */ = {isa = PBXFileReference; lastKnownFileType = sourcecode.swift; path = "Color+Random.swift"; sourceTree = "<group>"; };
		FA902163230B389900BF9341 /* Card.swift */ = {isa = PBXFileReference; lastKnownFileType = sourcecode.swift; path = Card.swift; sourceTree = "<group>"; };
		FA90216F230B4AC300BF9341 /* README.md */ = {isa = PBXFileReference; lastKnownFileType = net.daringfireball.markdown; name = README.md; path = ../README.md; sourceTree = "<group>"; };
		FAA99F022381FCBB00CE1632 /* ModularGridSettingsView.swift */ = {isa = PBXFileReference; lastKnownFileType = sourcecode.swift; path = ModularGridSettingsView.swift; sourceTree = "<group>"; };
		FAA99F0423821F3200CE1632 /* StaggeredGridSettingsView.swift */ = {isa = PBXFileReference; lastKnownFileType = sourcecode.swift; path = StaggeredGridSettingsView.swift; sourceTree = "<group>"; };
		FAAF755E2381E9F500DFDE03 /* Item.swift */ = {isa = PBXFileReference; lastKnownFileType = sourcecode.swift; path = Item.swift; sourceTree = "<group>"; };
/* End PBXFileReference section */

/* Begin PBXFrameworksBuildPhase section */
		FA61E96523134507006A5B6B /* Frameworks */ = {
			isa = PBXFrameworksBuildPhase;
			buildActionMask = 2147483647;
			files = (
				FA61E98523134656006A5B6B /* Grid in Frameworks */,
			);
			runOnlyForDeploymentPostprocessing = 0;
		};
		FA61E991231351FC006A5B6B /* Frameworks */ = {
			isa = PBXFrameworksBuildPhase;
			buildActionMask = 2147483647;
			files = (
				FA61E9A723135319006A5B6B /* Grid in Frameworks */,
			);
			runOnlyForDeploymentPostprocessing = 0;
		};
		FA90210E230B32EA00BF9341 /* Frameworks */ = {
			isa = PBXFrameworksBuildPhase;
			buildActionMask = 2147483647;
			files = (
				FA66B37D235653DC00AB542A /* Grid in Frameworks */,
			);
			runOnlyForDeploymentPostprocessing = 0;
		};
		FA902143230B341C00BF9341 /* Frameworks */ = {
			isa = PBXFrameworksBuildPhase;
			buildActionMask = 2147483647;
			files = (
				FA90215B230B346600BF9341 /* Grid in Frameworks */,
			);
			runOnlyForDeploymentPostprocessing = 0;
		};
/* End PBXFrameworksBuildPhase section */

/* Begin PBXGroup section */
		FA61E95D23134505006A5B6B /* GridExamples watchOS WatchKit App */ = {
			isa = PBXGroup;
			children = (
				FA61E95E23134505006A5B6B /* Interface.storyboard */,
				FA61E96123134507006A5B6B /* Assets.xcassets */,
				FA61E96323134507006A5B6B /* Info.plist */,
			);
			path = "GridExamples watchOS WatchKit App";
			sourceTree = "<group>";
		};
		FA61E96C23134507006A5B6B /* GridExamples watchOS WatchKit Extension */ = {
			isa = PBXGroup;
			children = (
				FA61E97123134507006A5B6B /* ExtensionDelegate.swift */,
				FA61E96F23134507006A5B6B /* HostingController.swift */,
				FA61E96D23134507006A5B6B /* ContentView.swift */,
				FA31E120237E521A005799AD /* ModularGridView.swift */,
				FA0FB8A623812DFA00B6E84F /* StaggeredGridView.swift */,
				FA61E97323134508006A5B6B /* Assets.xcassets */,
				FA61E97823134508006A5B6B /* Info.plist */,
				FA61E97523134508006A5B6B /* Preview Content */,
			);
			path = "GridExamples watchOS WatchKit Extension";
			sourceTree = "<group>";
		};
		FA61E97523134508006A5B6B /* Preview Content */ = {
			isa = PBXGroup;
			children = (
				FA61E97623134508006A5B6B /* Preview Assets.xcassets */,
			);
			path = "Preview Content";
			sourceTree = "<group>";
		};
		FA61E995231351FC006A5B6B /* GridExamples tvOS */ = {
			isa = PBXGroup;
			children = (
				FA61E996231351FC006A5B6B /* AppDelegate.swift */,
				FA61E998231351FC006A5B6B /* ContentView.swift */,
				FA31E122237E5381005799AD /* ModularGridView.swift */,
				FA0FB8A823812F3700B6E84F /* StaggeredGridView.swift */,
				FA61E99A231351FD006A5B6B /* Assets.xcassets */,
				FA61E99F231351FD006A5B6B /* LaunchScreen.storyboard */,
				FA61E9A2231351FD006A5B6B /* Info.plist */,
				FA61E99C231351FD006A5B6B /* Preview Content */,
			);
			path = "GridExamples tvOS";
			sourceTree = "<group>";
		};
		FA61E99C231351FD006A5B6B /* Preview Content */ = {
			isa = PBXGroup;
			children = (
				FA61E99D231351FD006A5B6B /* Preview Assets.xcassets */,
			);
			path = "Preview Content";
			sourceTree = "<group>";
		};
		FA902106230B32A500BF9341 = {
			isa = PBXGroup;
			children = (
				FA90216F230B4AC300BF9341 /* README.md */,
				FA90215C230B354900BF9341 /* GridExamples */,
				FA902113230B32EA00BF9341 /* GridExamples iOS */,
				FA902147230B341C00BF9341 /* GridExamples macOS */,
				FA61E95D23134505006A5B6B /* GridExamples watchOS WatchKit App */,
				FA61E96C23134507006A5B6B /* GridExamples watchOS WatchKit Extension */,
				FA61E995231351FC006A5B6B /* GridExamples tvOS */,
				FA902112230B32EA00BF9341 /* Products */,
				FA902159230B346600BF9341 /* Frameworks */,
				FA902129230B335C00BF9341 /* grid */,
			);
			sourceTree = "<group>";
		};
		FA902112230B32EA00BF9341 /* Products */ = {
			isa = PBXGroup;
			children = (
				FA902111230B32EA00BF9341 /* GridExamples.app */,
				FA902146230B341C00BF9341 /* GridExamples.app */,
				FA61E95623134504006A5B6B /* GridExamples watchOS.app */,
				FA61E95923134505006A5B6B /* GridExamples watchOS WatchKit App.app */,
				FA61E96823134507006A5B6B /* GridExamples watchOS WatchKit Extension.appex */,
				FA61E994231351FC006A5B6B /* GridExamples.app */,
			);
			name = Products;
			sourceTree = "<group>";
		};
		FA902113230B32EA00BF9341 /* GridExamples iOS */ = {
			isa = PBXGroup;
			children = (
				FA902114230B32EA00BF9341 /* AppDelegate.swift */,
				FA902116230B32EA00BF9341 /* SceneDelegate.swift */,
				FA902118230B32EA00BF9341 /* ContentView.swift */,
				FA31E11C237E4EED005799AD /* ModularGridView.swift */,
				FAA99F022381FCBB00CE1632 /* ModularGridSettingsView.swift */,
				FA0FB89C23811DC800B6E84F /* StaggeredGridView.swift */,
				FAA99F0423821F3200CE1632 /* StaggeredGridSettingsView.swift */,
				FA90211A230B32EC00BF9341 /* Assets.xcassets */,
				FA90211F230B32EC00BF9341 /* LaunchScreen.storyboard */,
				FA902122230B32EC00BF9341 /* Info.plist */,
				FA6ED895231197C600651DD9 /* GridExamples iOS.entitlements */,
				FA90211C230B32EC00BF9341 /* Preview Content */,
			);
			path = "GridExamples iOS";
			sourceTree = "<group>";
		};
		FA90211C230B32EC00BF9341 /* Preview Content */ = {
			isa = PBXGroup;
			children = (
				FA90211D230B32EC00BF9341 /* Preview Assets.xcassets */,
			);
			path = "Preview Content";
			sourceTree = "<group>";
		};
		FA902147230B341C00BF9341 /* GridExamples macOS */ = {
			isa = PBXGroup;
			children = (
				FA902148230B341C00BF9341 /* AppDelegate.swift */,
				FA90214A230B341C00BF9341 /* ContentView.swift */,
				FA31E11E237E511B005799AD /* ModularGridView.swift */,
				FA0FB8A323812AA500B6E84F /* StaggeredGridView.swift */,
				FA90214C230B341D00BF9341 /* Assets.xcassets */,
				FA902151230B341D00BF9341 /* Main.storyboard */,
				FA902154230B341D00BF9341 /* Info.plist */,
				FA902155230B341D00BF9341 /* GridExamples_macOS.entitlements */,
				FA90214E230B341D00BF9341 /* Preview Content */,
			);
			path = "GridExamples macOS";
			sourceTree = "<group>";
		};
		FA90214E230B341D00BF9341 /* Preview Content */ = {
			isa = PBXGroup;
			children = (
				FA90214F230B341D00BF9341 /* Preview Assets.xcassets */,
			);
			path = "Preview Content";
			sourceTree = "<group>";
		};
		FA902159230B346600BF9341 /* Frameworks */ = {
			isa = PBXGroup;
			children = (
			);
			name = Frameworks;
			sourceTree = "<group>";
		};
		FA90215C230B354900BF9341 /* GridExamples */ = {
			isa = PBXGroup;
			children = (
				FA902160230B379D00BF9341 /* Color+Random.swift */,
				FAAF755E2381E9F500DFDE03 /* Item.swift */,
				FA902163230B389900BF9341 /* Card.swift */,
				FA0FB89E23811E5900B6E84F /* SharedAssets.xcassets */,
			);
			path = GridExamples;
			sourceTree = "<group>";
		};
/* End PBXGroup section */

/* Begin PBXNativeTarget section */
		FA61E95523134504006A5B6B /* GridExamples watchOS */ = {
			isa = PBXNativeTarget;
			buildConfigurationList = FA61E98323134508006A5B6B /* Build configuration list for PBXNativeTarget "GridExamples watchOS" */;
			buildPhases = (
				FA61E95423134504006A5B6B /* Resources */,
				FA61E97B23134508006A5B6B /* Embed Watch Content */,
			);
			buildRules = (
			);
			dependencies = (
				FA61E95C23134505006A5B6B /* PBXTargetDependency */,
			);
			name = "GridExamples watchOS";
			productName = "GridExamples watchOS";
			productReference = FA61E95623134504006A5B6B /* GridExamples watchOS.app */;
			productType = "com.apple.product-type.application.watchapp2-container";
		};
		FA61E95823134505006A5B6B /* GridExamples watchOS WatchKit App */ = {
			isa = PBXNativeTarget;
			buildConfigurationList = FA61E98223134508006A5B6B /* Build configuration list for PBXNativeTarget "GridExamples watchOS WatchKit App" */;
			buildPhases = (
				FA61E95723134505006A5B6B /* Resources */,
				FA61E98923134C61006A5B6B /* Embed App Extensions */,
			);
			buildRules = (
			);
			dependencies = (
				FA61E98823134C61006A5B6B /* PBXTargetDependency */,
			);
			name = "GridExamples watchOS WatchKit App";
			productName = "GridExamples watchOS WatchKit App";
			productReference = FA61E95923134505006A5B6B /* GridExamples watchOS WatchKit App.app */;
			productType = "com.apple.product-type.application.watchapp2";
		};
		FA61E96723134507006A5B6B /* GridExamples watchOS WatchKit Extension */ = {
			isa = PBXNativeTarget;
			buildConfigurationList = FA61E98123134508006A5B6B /* Build configuration list for PBXNativeTarget "GridExamples watchOS WatchKit Extension" */;
			buildPhases = (
				FA61E96423134507006A5B6B /* Sources */,
				FA61E96523134507006A5B6B /* Frameworks */,
				FA61E96623134507006A5B6B /* Resources */,
			);
			buildRules = (
			);
			dependencies = (
			);
			name = "GridExamples watchOS WatchKit Extension";
			packageProductDependencies = (
				FA61E98423134656006A5B6B /* Grid */,
			);
			productName = "GridExamples watchOS WatchKit Extension";
			productReference = FA61E96823134507006A5B6B /* GridExamples watchOS WatchKit Extension.appex */;
			productType = "com.apple.product-type.watchkit2-extension";
		};
		FA61E993231351FC006A5B6B /* GridExamples tvOS */ = {
			isa = PBXNativeTarget;
			buildConfigurationList = FA61E9A5231351FD006A5B6B /* Build configuration list for PBXNativeTarget "GridExamples tvOS" */;
			buildPhases = (
				FA61E990231351FC006A5B6B /* Sources */,
				FA61E991231351FC006A5B6B /* Frameworks */,
				FA61E992231351FC006A5B6B /* Resources */,
			);
			buildRules = (
			);
			dependencies = (
			);
			name = "GridExamples tvOS";
			packageProductDependencies = (
				FA61E9A623135319006A5B6B /* Grid */,
			);
			productName = "GridExamples tvOS";
			productReference = FA61E994231351FC006A5B6B /* GridExamples.app */;
			productType = "com.apple.product-type.application";
		};
		FA902110230B32EA00BF9341 /* GridExamples iOS */ = {
			isa = PBXNativeTarget;
			buildConfigurationList = FA902125230B32EC00BF9341 /* Build configuration list for PBXNativeTarget "GridExamples iOS" */;
			buildPhases = (
				FA90210D230B32EA00BF9341 /* Sources */,
				FA90210E230B32EA00BF9341 /* Frameworks */,
				FA90210F230B32EA00BF9341 /* Resources */,
			);
			buildRules = (
			);
			dependencies = (
			);
			name = "GridExamples iOS";
			packageProductDependencies = (
				FA66B37C235653DC00AB542A /* Grid */,
			);
			productName = "GridExamples iOS";
			productReference = FA902111230B32EA00BF9341 /* GridExamples.app */;
			productType = "com.apple.product-type.application";
		};
		FA902145230B341C00BF9341 /* GridExamples macOS */ = {
			isa = PBXNativeTarget;
			buildConfigurationList = FA902156230B341D00BF9341 /* Build configuration list for PBXNativeTarget "GridExamples macOS" */;
			buildPhases = (
				FA902142230B341C00BF9341 /* Sources */,
				FA902143230B341C00BF9341 /* Frameworks */,
				FA902144230B341C00BF9341 /* Resources */,
			);
			buildRules = (
			);
			dependencies = (
			);
			name = "GridExamples macOS";
			packageProductDependencies = (
				FA90215A230B346600BF9341 /* Grid */,
			);
			productName = "GridExamples macOS";
			productReference = FA902146230B341C00BF9341 /* GridExamples.app */;
			productType = "com.apple.product-type.application";
		};
/* End PBXNativeTarget section */

/* Begin PBXProject section */
		FA902107230B32A500BF9341 /* Project object */ = {
			isa = PBXProject;
			attributes = {
				LastSwiftUpdateCheck = 1100;
				LastUpgradeCheck = 1120;
				TargetAttributes = {
					FA61E95523134504006A5B6B = {
						CreatedOnToolsVersion = 11.0;
					};
					FA61E95823134505006A5B6B = {
						CreatedOnToolsVersion = 11.0;
					};
					FA61E96723134507006A5B6B = {
						CreatedOnToolsVersion = 11.0;
					};
					FA61E993231351FC006A5B6B = {
						CreatedOnToolsVersion = 11.0;
					};
					FA902110230B32EA00BF9341 = {
						CreatedOnToolsVersion = 11.0;
					};
					FA902145230B341C00BF9341 = {
						CreatedOnToolsVersion = 11.0;
					};
				};
			};
			buildConfigurationList = FA90210A230B32A500BF9341 /* Build configuration list for PBXProject "GridExamples" */;
			compatibilityVersion = "Xcode 9.3";
			developmentRegion = en;
			hasScannedForEncodings = 0;
			knownRegions = (
				en,
				Base,
			);
			mainGroup = FA902106230B32A500BF9341;
			packageReferences = (
				FA66B37B235653DC00AB542A /* XCRemoteSwiftPackageReference "Grid" */,
			);
			productRefGroup = FA902112230B32EA00BF9341 /* Products */;
			projectDirPath = "";
			projectRoot = "";
			targets = (
				FA902110230B32EA00BF9341 /* GridExamples iOS */,
				FA902145230B341C00BF9341 /* GridExamples macOS */,
				FA61E95523134504006A5B6B /* GridExamples watchOS */,
				FA61E95823134505006A5B6B /* GridExamples watchOS WatchKit App */,
				FA61E96723134507006A5B6B /* GridExamples watchOS WatchKit Extension */,
				FA61E993231351FC006A5B6B /* GridExamples tvOS */,
			);
		};
/* End PBXProject section */

/* Begin PBXResourcesBuildPhase section */
		FA61E95423134504006A5B6B /* Resources */ = {
			isa = PBXResourcesBuildPhase;
			buildActionMask = 2147483647;
			files = (
			);
			runOnlyForDeploymentPostprocessing = 0;
		};
		FA61E95723134505006A5B6B /* Resources */ = {
			isa = PBXResourcesBuildPhase;
			buildActionMask = 2147483647;
			files = (
				FA61E96223134507006A5B6B /* Assets.xcassets in Resources */,
				FA61E96023134505006A5B6B /* Interface.storyboard in Resources */,
			);
			runOnlyForDeploymentPostprocessing = 0;
		};
		FA61E96623134507006A5B6B /* Resources */ = {
			isa = PBXResourcesBuildPhase;
			buildActionMask = 2147483647;
			files = (
				FA0FB8A123811E5900B6E84F /* SharedAssets.xcassets in Resources */,
				FA61E97723134508006A5B6B /* Preview Assets.xcassets in Resources */,
				FA61E97423134508006A5B6B /* Assets.xcassets in Resources */,
			);
			runOnlyForDeploymentPostprocessing = 0;
		};
		FA61E992231351FC006A5B6B /* Resources */ = {
			isa = PBXResourcesBuildPhase;
			buildActionMask = 2147483647;
			files = (
				FA61E9A1231351FD006A5B6B /* LaunchScreen.storyboard in Resources */,
				FA61E99E231351FD006A5B6B /* Preview Assets.xcassets in Resources */,
				FA61E99B231351FD006A5B6B /* Assets.xcassets in Resources */,
				FA0FB8A223811E5900B6E84F /* SharedAssets.xcassets in Resources */,
			);
			runOnlyForDeploymentPostprocessing = 0;
		};
		FA90210F230B32EA00BF9341 /* Resources */ = {
			isa = PBXResourcesBuildPhase;
			buildActionMask = 2147483647;
			files = (
				FA902121230B32EC00BF9341 /* LaunchScreen.storyboard in Resources */,
				FA90211E230B32EC00BF9341 /* Preview Assets.xcassets in Resources */,
				FA90211B230B32EC00BF9341 /* Assets.xcassets in Resources */,
				FA0FB89F23811E5900B6E84F /* SharedAssets.xcassets in Resources */,
			);
			runOnlyForDeploymentPostprocessing = 0;
		};
		FA902144230B341C00BF9341 /* Resources */ = {
			isa = PBXResourcesBuildPhase;
			buildActionMask = 2147483647;
			files = (
				FA902153230B341D00BF9341 /* Main.storyboard in Resources */,
				FA902150230B341D00BF9341 /* Preview Assets.xcassets in Resources */,
				FA90214D230B341D00BF9341 /* Assets.xcassets in Resources */,
				FA0FB8A023811E5900B6E84F /* SharedAssets.xcassets in Resources */,
			);
			runOnlyForDeploymentPostprocessing = 0;
		};
/* End PBXResourcesBuildPhase section */

/* Begin PBXSourcesBuildPhase section */
		FA61E96423134507006A5B6B /* Sources */ = {
			isa = PBXSourcesBuildPhase;
			buildActionMask = 2147483647;
			files = (
				FA31E121237E521A005799AD /* ModularGridView.swift in Sources */,
				FA61E98F23134D3F006A5B6B /* Card.swift in Sources */,
				FA61E98A23134CF8006A5B6B /* Color+Random.swift in Sources */,
				FA61E97023134507006A5B6B /* HostingController.swift in Sources */,
				FA0FB8A723812DFA00B6E84F /* StaggeredGridView.swift in Sources */,
				FAAF75612381E9F500DFDE03 /* Item.swift in Sources */,
				FA61E96E23134507006A5B6B /* ContentView.swift in Sources */,
				FA61E97223134507006A5B6B /* ExtensionDelegate.swift in Sources */,
			);
			runOnlyForDeploymentPostprocessing = 0;
		};
		FA61E990231351FC006A5B6B /* Sources */ = {
			isa = PBXSourcesBuildPhase;
			buildActionMask = 2147483647;
			files = (
				FA61E9A82313535F006A5B6B /* Color+Random.swift in Sources */,
				FA61E999231351FC006A5B6B /* ContentView.swift in Sources */,
				FAAF75622381E9F500DFDE03 /* Item.swift in Sources */,
				FA61E997231351FC006A5B6B /* AppDelegate.swift in Sources */,
				FA31E123237E5381005799AD /* ModularGridView.swift in Sources */,
				FA0FB8A923812F3700B6E84F /* StaggeredGridView.swift in Sources */,
				FA61E9A92313535F006A5B6B /* Card.swift in Sources */,
			);
			runOnlyForDeploymentPostprocessing = 0;
		};
		FA90210D230B32EA00BF9341 /* Sources */ = {
			isa = PBXSourcesBuildPhase;
			buildActionMask = 2147483647;
			files = (
				FA902115230B32EA00BF9341 /* AppDelegate.swift in Sources */,
				FA31E11D237E4EED005799AD /* ModularGridView.swift in Sources */,
				FA902164230B389900BF9341 /* Card.swift in Sources */,
				FA902117230B32EA00BF9341 /* SceneDelegate.swift in Sources */,
				FA0FB89D23811DC800B6E84F /* StaggeredGridView.swift in Sources */,
				FAA99F032381FCBB00CE1632 /* ModularGridSettingsView.swift in Sources */,
				FAA99F0523821F3200CE1632 /* StaggeredGridSettingsView.swift in Sources */,
				FAAF755F2381E9F500DFDE03 /* Item.swift in Sources */,
				FA902119230B32EA00BF9341 /* ContentView.swift in Sources */,
				FA902161230B379D00BF9341 /* Color+Random.swift in Sources */,
			);
			runOnlyForDeploymentPostprocessing = 0;
		};
		FA902142230B341C00BF9341 /* Sources */ = {
			isa = PBXSourcesBuildPhase;
			buildActionMask = 2147483647;
			files = (
				FA31E11F237E511B005799AD /* ModularGridView.swift in Sources */,
				FA902162230B379D00BF9341 /* Color+Random.swift in Sources */,
				FAAF75602381E9F500DFDE03 /* Item.swift in Sources */,
				FA90214B230B341C00BF9341 /* ContentView.swift in Sources */,
				FA902165230B389900BF9341 /* Card.swift in Sources */,
				FA902149230B341C00BF9341 /* AppDelegate.swift in Sources */,
				FA0FB8A423812AA500B6E84F /* StaggeredGridView.swift in Sources */,
			);
			runOnlyForDeploymentPostprocessing = 0;
		};
/* End PBXSourcesBuildPhase section */

/* Begin PBXTargetDependency section */
		FA61E95C23134505006A5B6B /* PBXTargetDependency */ = {
			isa = PBXTargetDependency;
			target = FA61E95823134505006A5B6B /* GridExamples watchOS WatchKit App */;
			targetProxy = FA61E95B23134505006A5B6B /* PBXContainerItemProxy */;
		};
		FA61E98823134C61006A5B6B /* PBXTargetDependency */ = {
			isa = PBXTargetDependency;
			target = FA61E96723134507006A5B6B /* GridExamples watchOS WatchKit Extension */;
			targetProxy = FA61E98723134C61006A5B6B /* PBXContainerItemProxy */;
		};
/* End PBXTargetDependency section */

/* Begin PBXVariantGroup section */
		FA61E95E23134505006A5B6B /* Interface.storyboard */ = {
			isa = PBXVariantGroup;
			children = (
				FA61E95F23134505006A5B6B /* Base */,
			);
			name = Interface.storyboard;
			sourceTree = "<group>";
		};
		FA61E99F231351FD006A5B6B /* LaunchScreen.storyboard */ = {
			isa = PBXVariantGroup;
			children = (
				FA61E9A0231351FD006A5B6B /* Base */,
			);
			name = LaunchScreen.storyboard;
			sourceTree = "<group>";
		};
		FA90211F230B32EC00BF9341 /* LaunchScreen.storyboard */ = {
			isa = PBXVariantGroup;
			children = (
				FA902120230B32EC00BF9341 /* Base */,
			);
			name = LaunchScreen.storyboard;
			sourceTree = "<group>";
		};
		FA902151230B341D00BF9341 /* Main.storyboard */ = {
			isa = PBXVariantGroup;
			children = (
				FA902152230B341D00BF9341 /* Base */,
			);
			name = Main.storyboard;
			sourceTree = "<group>";
		};
/* End PBXVariantGroup section */

/* Begin XCBuildConfiguration section */
		FA61E97923134508006A5B6B /* Debug */ = {
			isa = XCBuildConfiguration;
			buildSettings = {
				ALWAYS_SEARCH_USER_PATHS = NO;
				CLANG_ANALYZER_NONNULL = YES;
				CLANG_ANALYZER_NUMBER_OBJECT_CONVERSION = YES_AGGRESSIVE;
				CLANG_CXX_LANGUAGE_STANDARD = "gnu++14";
				CLANG_CXX_LIBRARY = "libc++";
				CLANG_ENABLE_MODULES = YES;
				CLANG_ENABLE_OBJC_ARC = YES;
				CLANG_ENABLE_OBJC_WEAK = YES;
				CLANG_WARN_BLOCK_CAPTURE_AUTORELEASING = YES;
				CLANG_WARN_BOOL_CONVERSION = YES;
				CLANG_WARN_COMMA = YES;
				CLANG_WARN_CONSTANT_CONVERSION = YES;
				CLANG_WARN_DEPRECATED_OBJC_IMPLEMENTATIONS = YES;
				CLANG_WARN_DIRECT_OBJC_ISA_USAGE = YES_ERROR;
				CLANG_WARN_DOCUMENTATION_COMMENTS = YES;
				CLANG_WARN_EMPTY_BODY = YES;
				CLANG_WARN_ENUM_CONVERSION = YES;
				CLANG_WARN_INFINITE_RECURSION = YES;
				CLANG_WARN_INT_CONVERSION = YES;
				CLANG_WARN_NON_LITERAL_NULL_CONVERSION = YES;
				CLANG_WARN_OBJC_IMPLICIT_RETAIN_SELF = YES;
				CLANG_WARN_OBJC_LITERAL_CONVERSION = YES;
				CLANG_WARN_OBJC_ROOT_CLASS = YES_ERROR;
				CLANG_WARN_RANGE_LOOP_ANALYSIS = YES;
				CLANG_WARN_STRICT_PROTOTYPES = YES;
				CLANG_WARN_SUSPICIOUS_MOVE = YES;
				CLANG_WARN_UNGUARDED_AVAILABILITY = YES_AGGRESSIVE;
				CLANG_WARN_UNREACHABLE_CODE = YES;
				CLANG_WARN__DUPLICATE_METHOD_MATCH = YES;
				CODE_SIGN_STYLE = Automatic;
				COPY_PHASE_STRIP = NO;
				CURRENT_PROJECT_VERSION = 1;
				DEBUG_INFORMATION_FORMAT = dwarf;
				DEVELOPMENT_TEAM = "";
				ENABLE_STRICT_OBJC_MSGSEND = YES;
				ENABLE_TESTABILITY = YES;
				GCC_C_LANGUAGE_STANDARD = gnu11;
				GCC_DYNAMIC_NO_PIC = NO;
				GCC_NO_COMMON_BLOCKS = YES;
				GCC_OPTIMIZATION_LEVEL = 0;
				GCC_PREPROCESSOR_DEFINITIONS = (
					"DEBUG=1",
					"$(inherited)",
				);
				GCC_WARN_64_TO_32_BIT_CONVERSION = YES;
				GCC_WARN_ABOUT_RETURN_TYPE = YES_ERROR;
				GCC_WARN_UNDECLARED_SELECTOR = YES;
				GCC_WARN_UNINITIALIZED_AUTOS = YES_AGGRESSIVE;
				GCC_WARN_UNUSED_FUNCTION = YES;
				GCC_WARN_UNUSED_VARIABLE = YES;
				MARKETING_VERSION = 1.0;
				MTL_ENABLE_DEBUG_INFO = INCLUDE_SOURCE;
				MTL_FAST_MATH = YES;
				ONLY_ACTIVE_ARCH = YES;
				PRODUCT_BUNDLE_IDENTIFIER = com.swiftuiextensions.grid.examples.watchos;
				PRODUCT_NAME = "$(TARGET_NAME)";
				SDKROOT = iphoneos;
				SWIFT_ACTIVE_COMPILATION_CONDITIONS = DEBUG;
				SWIFT_OPTIMIZATION_LEVEL = "-Onone";
				SWIFT_VERSION = 5.0;
			};
			name = Debug;
		};
		FA61E97A23134508006A5B6B /* Release */ = {
			isa = XCBuildConfiguration;
			buildSettings = {
				ALWAYS_SEARCH_USER_PATHS = NO;
				CLANG_ANALYZER_NONNULL = YES;
				CLANG_ANALYZER_NUMBER_OBJECT_CONVERSION = YES_AGGRESSIVE;
				CLANG_CXX_LANGUAGE_STANDARD = "gnu++14";
				CLANG_CXX_LIBRARY = "libc++";
				CLANG_ENABLE_MODULES = YES;
				CLANG_ENABLE_OBJC_ARC = YES;
				CLANG_ENABLE_OBJC_WEAK = YES;
				CLANG_WARN_BLOCK_CAPTURE_AUTORELEASING = YES;
				CLANG_WARN_BOOL_CONVERSION = YES;
				CLANG_WARN_COMMA = YES;
				CLANG_WARN_CONSTANT_CONVERSION = YES;
				CLANG_WARN_DEPRECATED_OBJC_IMPLEMENTATIONS = YES;
				CLANG_WARN_DIRECT_OBJC_ISA_USAGE = YES_ERROR;
				CLANG_WARN_DOCUMENTATION_COMMENTS = YES;
				CLANG_WARN_EMPTY_BODY = YES;
				CLANG_WARN_ENUM_CONVERSION = YES;
				CLANG_WARN_INFINITE_RECURSION = YES;
				CLANG_WARN_INT_CONVERSION = YES;
				CLANG_WARN_NON_LITERAL_NULL_CONVERSION = YES;
				CLANG_WARN_OBJC_IMPLICIT_RETAIN_SELF = YES;
				CLANG_WARN_OBJC_LITERAL_CONVERSION = YES;
				CLANG_WARN_OBJC_ROOT_CLASS = YES_ERROR;
				CLANG_WARN_RANGE_LOOP_ANALYSIS = YES;
				CLANG_WARN_STRICT_PROTOTYPES = YES;
				CLANG_WARN_SUSPICIOUS_MOVE = YES;
				CLANG_WARN_UNGUARDED_AVAILABILITY = YES_AGGRESSIVE;
				CLANG_WARN_UNREACHABLE_CODE = YES;
				CLANG_WARN__DUPLICATE_METHOD_MATCH = YES;
				CODE_SIGN_STYLE = Automatic;
				COPY_PHASE_STRIP = NO;
				CURRENT_PROJECT_VERSION = 1;
				DEBUG_INFORMATION_FORMAT = "dwarf-with-dsym";
				DEVELOPMENT_TEAM = "";
				ENABLE_NS_ASSERTIONS = NO;
				ENABLE_STRICT_OBJC_MSGSEND = YES;
				GCC_C_LANGUAGE_STANDARD = gnu11;
				GCC_NO_COMMON_BLOCKS = YES;
				GCC_WARN_64_TO_32_BIT_CONVERSION = YES;
				GCC_WARN_ABOUT_RETURN_TYPE = YES_ERROR;
				GCC_WARN_UNDECLARED_SELECTOR = YES;
				GCC_WARN_UNINITIALIZED_AUTOS = YES_AGGRESSIVE;
				GCC_WARN_UNUSED_FUNCTION = YES;
				GCC_WARN_UNUSED_VARIABLE = YES;
				MARKETING_VERSION = 1.0;
				MTL_ENABLE_DEBUG_INFO = NO;
				MTL_FAST_MATH = YES;
				PRODUCT_BUNDLE_IDENTIFIER = com.swiftuiextensions.grid.examples.watchos;
				PRODUCT_NAME = "$(TARGET_NAME)";
				SDKROOT = iphoneos;
				SWIFT_COMPILATION_MODE = wholemodule;
				SWIFT_OPTIMIZATION_LEVEL = "-O";
				SWIFT_VERSION = 5.0;
				VALIDATE_PRODUCT = YES;
			};
			name = Release;
		};
		FA61E97C23134508006A5B6B /* Debug */ = {
			isa = XCBuildConfiguration;
			buildSettings = {
				ALWAYS_SEARCH_USER_PATHS = NO;
				ASSETCATALOG_COMPILER_APPICON_NAME = AppIcon;
				CLANG_ANALYZER_NONNULL = YES;
				CLANG_ANALYZER_NUMBER_OBJECT_CONVERSION = YES_AGGRESSIVE;
				CLANG_CXX_LANGUAGE_STANDARD = "gnu++14";
				CLANG_CXX_LIBRARY = "libc++";
				CLANG_ENABLE_MODULES = YES;
				CLANG_ENABLE_OBJC_ARC = YES;
				CLANG_ENABLE_OBJC_WEAK = YES;
				CLANG_WARN_BLOCK_CAPTURE_AUTORELEASING = YES;
				CLANG_WARN_BOOL_CONVERSION = YES;
				CLANG_WARN_COMMA = YES;
				CLANG_WARN_CONSTANT_CONVERSION = YES;
				CLANG_WARN_DEPRECATED_OBJC_IMPLEMENTATIONS = YES;
				CLANG_WARN_DIRECT_OBJC_ISA_USAGE = YES_ERROR;
				CLANG_WARN_DOCUMENTATION_COMMENTS = YES;
				CLANG_WARN_EMPTY_BODY = YES;
				CLANG_WARN_ENUM_CONVERSION = YES;
				CLANG_WARN_INFINITE_RECURSION = YES;
				CLANG_WARN_INT_CONVERSION = YES;
				CLANG_WARN_NON_LITERAL_NULL_CONVERSION = YES;
				CLANG_WARN_OBJC_IMPLICIT_RETAIN_SELF = YES;
				CLANG_WARN_OBJC_LITERAL_CONVERSION = YES;
				CLANG_WARN_OBJC_ROOT_CLASS = YES_ERROR;
				CLANG_WARN_RANGE_LOOP_ANALYSIS = YES;
				CLANG_WARN_STRICT_PROTOTYPES = YES;
				CLANG_WARN_SUSPICIOUS_MOVE = YES;
				CLANG_WARN_UNGUARDED_AVAILABILITY = YES_AGGRESSIVE;
				CLANG_WARN_UNREACHABLE_CODE = YES;
				CLANG_WARN__DUPLICATE_METHOD_MATCH = YES;
				CODE_SIGN_STYLE = Automatic;
				COPY_PHASE_STRIP = NO;
				DEBUG_INFORMATION_FORMAT = dwarf;
				DEVELOPMENT_TEAM = "";
				ENABLE_STRICT_OBJC_MSGSEND = YES;
				ENABLE_TESTABILITY = YES;
				GCC_C_LANGUAGE_STANDARD = gnu11;
				GCC_DYNAMIC_NO_PIC = NO;
				GCC_NO_COMMON_BLOCKS = YES;
				GCC_OPTIMIZATION_LEVEL = 0;
				GCC_PREPROCESSOR_DEFINITIONS = (
					"DEBUG=1",
					"$(inherited)",
				);
				GCC_WARN_64_TO_32_BIT_CONVERSION = YES;
				GCC_WARN_ABOUT_RETURN_TYPE = YES_ERROR;
				GCC_WARN_UNDECLARED_SELECTOR = YES;
				GCC_WARN_UNINITIALIZED_AUTOS = YES_AGGRESSIVE;
				GCC_WARN_UNUSED_FUNCTION = YES;
				GCC_WARN_UNUSED_VARIABLE = YES;
				IBSC_MODULE = GridExamples_watchOS_WatchKit_Extension;
				INFOPLIST_FILE = "GridExamples watchOS WatchKit App/Info.plist";
				MTL_ENABLE_DEBUG_INFO = INCLUDE_SOURCE;
				MTL_FAST_MATH = YES;
				ONLY_ACTIVE_ARCH = YES;
				PRODUCT_BUNDLE_IDENTIFIER = com.swiftuiextensions.grid.examples.watchos.watchkitapp;
				PRODUCT_NAME = "$(TARGET_NAME)";
				SDKROOT = watchos;
				SKIP_INSTALL = YES;
				SWIFT_ACTIVE_COMPILATION_CONDITIONS = DEBUG;
				SWIFT_OPTIMIZATION_LEVEL = "-Onone";
				SWIFT_VERSION = 5.0;
				TARGETED_DEVICE_FAMILY = 4;
				WATCHOS_DEPLOYMENT_TARGET = 6.0;
			};
			name = Debug;
		};
		FA61E97D23134508006A5B6B /* Release */ = {
			isa = XCBuildConfiguration;
			buildSettings = {
				ALWAYS_SEARCH_USER_PATHS = NO;
				ASSETCATALOG_COMPILER_APPICON_NAME = AppIcon;
				CLANG_ANALYZER_NONNULL = YES;
				CLANG_ANALYZER_NUMBER_OBJECT_CONVERSION = YES_AGGRESSIVE;
				CLANG_CXX_LANGUAGE_STANDARD = "gnu++14";
				CLANG_CXX_LIBRARY = "libc++";
				CLANG_ENABLE_MODULES = YES;
				CLANG_ENABLE_OBJC_ARC = YES;
				CLANG_ENABLE_OBJC_WEAK = YES;
				CLANG_WARN_BLOCK_CAPTURE_AUTORELEASING = YES;
				CLANG_WARN_BOOL_CONVERSION = YES;
				CLANG_WARN_COMMA = YES;
				CLANG_WARN_CONSTANT_CONVERSION = YES;
				CLANG_WARN_DEPRECATED_OBJC_IMPLEMENTATIONS = YES;
				CLANG_WARN_DIRECT_OBJC_ISA_USAGE = YES_ERROR;
				CLANG_WARN_DOCUMENTATION_COMMENTS = YES;
				CLANG_WARN_EMPTY_BODY = YES;
				CLANG_WARN_ENUM_CONVERSION = YES;
				CLANG_WARN_INFINITE_RECURSION = YES;
				CLANG_WARN_INT_CONVERSION = YES;
				CLANG_WARN_NON_LITERAL_NULL_CONVERSION = YES;
				CLANG_WARN_OBJC_IMPLICIT_RETAIN_SELF = YES;
				CLANG_WARN_OBJC_LITERAL_CONVERSION = YES;
				CLANG_WARN_OBJC_ROOT_CLASS = YES_ERROR;
				CLANG_WARN_RANGE_LOOP_ANALYSIS = YES;
				CLANG_WARN_STRICT_PROTOTYPES = YES;
				CLANG_WARN_SUSPICIOUS_MOVE = YES;
				CLANG_WARN_UNGUARDED_AVAILABILITY = YES_AGGRESSIVE;
				CLANG_WARN_UNREACHABLE_CODE = YES;
				CLANG_WARN__DUPLICATE_METHOD_MATCH = YES;
				CODE_SIGN_STYLE = Automatic;
				COPY_PHASE_STRIP = NO;
				DEBUG_INFORMATION_FORMAT = "dwarf-with-dsym";
				DEVELOPMENT_TEAM = "";
				ENABLE_NS_ASSERTIONS = NO;
				ENABLE_STRICT_OBJC_MSGSEND = YES;
				GCC_C_LANGUAGE_STANDARD = gnu11;
				GCC_NO_COMMON_BLOCKS = YES;
				GCC_WARN_64_TO_32_BIT_CONVERSION = YES;
				GCC_WARN_ABOUT_RETURN_TYPE = YES_ERROR;
				GCC_WARN_UNDECLARED_SELECTOR = YES;
				GCC_WARN_UNINITIALIZED_AUTOS = YES_AGGRESSIVE;
				GCC_WARN_UNUSED_FUNCTION = YES;
				GCC_WARN_UNUSED_VARIABLE = YES;
				IBSC_MODULE = GridExamples_watchOS_WatchKit_Extension;
				INFOPLIST_FILE = "GridExamples watchOS WatchKit App/Info.plist";
				MTL_ENABLE_DEBUG_INFO = NO;
				MTL_FAST_MATH = YES;
				PRODUCT_BUNDLE_IDENTIFIER = com.swiftuiextensions.grid.examples.watchos.watchkitapp;
				PRODUCT_NAME = "$(TARGET_NAME)";
				SDKROOT = watchos;
				SKIP_INSTALL = YES;
				SWIFT_COMPILATION_MODE = wholemodule;
				SWIFT_OPTIMIZATION_LEVEL = "-O";
				SWIFT_VERSION = 5.0;
				TARGETED_DEVICE_FAMILY = 4;
				VALIDATE_PRODUCT = YES;
				WATCHOS_DEPLOYMENT_TARGET = 6.0;
			};
			name = Release;
		};
		FA61E97F23134508006A5B6B /* Debug */ = {
			isa = XCBuildConfiguration;
			buildSettings = {
				ALWAYS_SEARCH_USER_PATHS = NO;
				ASSETCATALOG_COMPILER_COMPLICATION_NAME = Complication;
				CLANG_ANALYZER_NONNULL = YES;
				CLANG_ANALYZER_NUMBER_OBJECT_CONVERSION = YES_AGGRESSIVE;
				CLANG_CXX_LANGUAGE_STANDARD = "gnu++14";
				CLANG_CXX_LIBRARY = "libc++";
				CLANG_ENABLE_MODULES = YES;
				CLANG_ENABLE_OBJC_ARC = YES;
				CLANG_ENABLE_OBJC_WEAK = YES;
				CLANG_WARN_BLOCK_CAPTURE_AUTORELEASING = YES;
				CLANG_WARN_BOOL_CONVERSION = YES;
				CLANG_WARN_COMMA = YES;
				CLANG_WARN_CONSTANT_CONVERSION = YES;
				CLANG_WARN_DEPRECATED_OBJC_IMPLEMENTATIONS = YES;
				CLANG_WARN_DIRECT_OBJC_ISA_USAGE = YES_ERROR;
				CLANG_WARN_DOCUMENTATION_COMMENTS = YES;
				CLANG_WARN_EMPTY_BODY = YES;
				CLANG_WARN_ENUM_CONVERSION = YES;
				CLANG_WARN_INFINITE_RECURSION = YES;
				CLANG_WARN_INT_CONVERSION = YES;
				CLANG_WARN_NON_LITERAL_NULL_CONVERSION = YES;
				CLANG_WARN_OBJC_IMPLICIT_RETAIN_SELF = YES;
				CLANG_WARN_OBJC_LITERAL_CONVERSION = YES;
				CLANG_WARN_OBJC_ROOT_CLASS = YES_ERROR;
				CLANG_WARN_RANGE_LOOP_ANALYSIS = YES;
				CLANG_WARN_STRICT_PROTOTYPES = YES;
				CLANG_WARN_SUSPICIOUS_MOVE = YES;
				CLANG_WARN_UNGUARDED_AVAILABILITY = YES_AGGRESSIVE;
				CLANG_WARN_UNREACHABLE_CODE = YES;
				CLANG_WARN__DUPLICATE_METHOD_MATCH = YES;
				CODE_SIGN_STYLE = Automatic;
				COPY_PHASE_STRIP = NO;
				DEBUG_INFORMATION_FORMAT = dwarf;
				DEVELOPMENT_ASSET_PATHS = "\"GridExamples watchOS WatchKit Extension/Preview Content\"";
				DEVELOPMENT_TEAM = "";
				ENABLE_PREVIEWS = YES;
				ENABLE_STRICT_OBJC_MSGSEND = YES;
				ENABLE_TESTABILITY = YES;
				GCC_C_LANGUAGE_STANDARD = gnu11;
				GCC_DYNAMIC_NO_PIC = NO;
				GCC_NO_COMMON_BLOCKS = YES;
				GCC_OPTIMIZATION_LEVEL = 0;
				GCC_PREPROCESSOR_DEFINITIONS = (
					"DEBUG=1",
					"$(inherited)",
				);
				GCC_WARN_64_TO_32_BIT_CONVERSION = YES;
				GCC_WARN_ABOUT_RETURN_TYPE = YES_ERROR;
				GCC_WARN_UNDECLARED_SELECTOR = YES;
				GCC_WARN_UNINITIALIZED_AUTOS = YES_AGGRESSIVE;
				GCC_WARN_UNUSED_FUNCTION = YES;
				GCC_WARN_UNUSED_VARIABLE = YES;
				INFOPLIST_FILE = "GridExamples watchOS WatchKit Extension/Info.plist";
				LD_RUNPATH_SEARCH_PATHS = (
					"$(inherited)",
					"@executable_path/Frameworks",
					"@executable_path/../../Frameworks",
				);
				MTL_ENABLE_DEBUG_INFO = INCLUDE_SOURCE;
				MTL_FAST_MATH = YES;
				ONLY_ACTIVE_ARCH = YES;
				PRODUCT_BUNDLE_IDENTIFIER = com.swiftuiextensions.grid.examples.watchos.watchkitapp.watchkitextension;
				PRODUCT_NAME = "${TARGET_NAME}";
				SDKROOT = watchos;
				SKIP_INSTALL = YES;
				SWIFT_ACTIVE_COMPILATION_CONDITIONS = DEBUG;
				SWIFT_OPTIMIZATION_LEVEL = "-Onone";
				SWIFT_VERSION = 5.0;
				TARGETED_DEVICE_FAMILY = 4;
				WATCHOS_DEPLOYMENT_TARGET = 6.0;
			};
			name = Debug;
		};
		FA61E98023134508006A5B6B /* Release */ = {
			isa = XCBuildConfiguration;
			buildSettings = {
				ALWAYS_SEARCH_USER_PATHS = NO;
				ASSETCATALOG_COMPILER_COMPLICATION_NAME = Complication;
				CLANG_ANALYZER_NONNULL = YES;
				CLANG_ANALYZER_NUMBER_OBJECT_CONVERSION = YES_AGGRESSIVE;
				CLANG_CXX_LANGUAGE_STANDARD = "gnu++14";
				CLANG_CXX_LIBRARY = "libc++";
				CLANG_ENABLE_MODULES = YES;
				CLANG_ENABLE_OBJC_ARC = YES;
				CLANG_ENABLE_OBJC_WEAK = YES;
				CLANG_WARN_BLOCK_CAPTURE_AUTORELEASING = YES;
				CLANG_WARN_BOOL_CONVERSION = YES;
				CLANG_WARN_COMMA = YES;
				CLANG_WARN_CONSTANT_CONVERSION = YES;
				CLANG_WARN_DEPRECATED_OBJC_IMPLEMENTATIONS = YES;
				CLANG_WARN_DIRECT_OBJC_ISA_USAGE = YES_ERROR;
				CLANG_WARN_DOCUMENTATION_COMMENTS = YES;
				CLANG_WARN_EMPTY_BODY = YES;
				CLANG_WARN_ENUM_CONVERSION = YES;
				CLANG_WARN_INFINITE_RECURSION = YES;
				CLANG_WARN_INT_CONVERSION = YES;
				CLANG_WARN_NON_LITERAL_NULL_CONVERSION = YES;
				CLANG_WARN_OBJC_IMPLICIT_RETAIN_SELF = YES;
				CLANG_WARN_OBJC_LITERAL_CONVERSION = YES;
				CLANG_WARN_OBJC_ROOT_CLASS = YES_ERROR;
				CLANG_WARN_RANGE_LOOP_ANALYSIS = YES;
				CLANG_WARN_STRICT_PROTOTYPES = YES;
				CLANG_WARN_SUSPICIOUS_MOVE = YES;
				CLANG_WARN_UNGUARDED_AVAILABILITY = YES_AGGRESSIVE;
				CLANG_WARN_UNREACHABLE_CODE = YES;
				CLANG_WARN__DUPLICATE_METHOD_MATCH = YES;
				CODE_SIGN_STYLE = Automatic;
				COPY_PHASE_STRIP = NO;
				DEBUG_INFORMATION_FORMAT = "dwarf-with-dsym";
				DEVELOPMENT_ASSET_PATHS = "\"GridExamples watchOS WatchKit Extension/Preview Content\"";
				DEVELOPMENT_TEAM = "";
				ENABLE_NS_ASSERTIONS = NO;
				ENABLE_PREVIEWS = YES;
				ENABLE_STRICT_OBJC_MSGSEND = YES;
				GCC_C_LANGUAGE_STANDARD = gnu11;
				GCC_NO_COMMON_BLOCKS = YES;
				GCC_WARN_64_TO_32_BIT_CONVERSION = YES;
				GCC_WARN_ABOUT_RETURN_TYPE = YES_ERROR;
				GCC_WARN_UNDECLARED_SELECTOR = YES;
				GCC_WARN_UNINITIALIZED_AUTOS = YES_AGGRESSIVE;
				GCC_WARN_UNUSED_FUNCTION = YES;
				GCC_WARN_UNUSED_VARIABLE = YES;
				INFOPLIST_FILE = "GridExamples watchOS WatchKit Extension/Info.plist";
				LD_RUNPATH_SEARCH_PATHS = (
					"$(inherited)",
					"@executable_path/Frameworks",
					"@executable_path/../../Frameworks",
				);
				MTL_ENABLE_DEBUG_INFO = NO;
				MTL_FAST_MATH = YES;
				PRODUCT_BUNDLE_IDENTIFIER = com.swiftuiextensions.grid.examples.watchos.watchkitapp.watchkitextension;
				PRODUCT_NAME = "${TARGET_NAME}";
				SDKROOT = watchos;
				SKIP_INSTALL = YES;
				SWIFT_COMPILATION_MODE = wholemodule;
				SWIFT_OPTIMIZATION_LEVEL = "-O";
				SWIFT_VERSION = 5.0;
				TARGETED_DEVICE_FAMILY = 4;
				VALIDATE_PRODUCT = YES;
				WATCHOS_DEPLOYMENT_TARGET = 6.0;
			};
			name = Release;
		};
		FA61E9A3231351FD006A5B6B /* Debug */ = {
			isa = XCBuildConfiguration;
			buildSettings = {
				ALWAYS_SEARCH_USER_PATHS = NO;
				ASSETCATALOG_COMPILER_APPICON_NAME = "App Icon & Top Shelf Image";
				CLANG_ANALYZER_NONNULL = YES;
				CLANG_ANALYZER_NUMBER_OBJECT_CONVERSION = YES_AGGRESSIVE;
				CLANG_CXX_LANGUAGE_STANDARD = "gnu++14";
				CLANG_CXX_LIBRARY = "libc++";
				CLANG_ENABLE_MODULES = YES;
				CLANG_ENABLE_OBJC_ARC = YES;
				CLANG_ENABLE_OBJC_WEAK = YES;
				CLANG_WARN_BLOCK_CAPTURE_AUTORELEASING = YES;
				CLANG_WARN_BOOL_CONVERSION = YES;
				CLANG_WARN_COMMA = YES;
				CLANG_WARN_CONSTANT_CONVERSION = YES;
				CLANG_WARN_DEPRECATED_OBJC_IMPLEMENTATIONS = YES;
				CLANG_WARN_DIRECT_OBJC_ISA_USAGE = YES_ERROR;
				CLANG_WARN_DOCUMENTATION_COMMENTS = YES;
				CLANG_WARN_EMPTY_BODY = YES;
				CLANG_WARN_ENUM_CONVERSION = YES;
				CLANG_WARN_INFINITE_RECURSION = YES;
				CLANG_WARN_INT_CONVERSION = YES;
				CLANG_WARN_NON_LITERAL_NULL_CONVERSION = YES;
				CLANG_WARN_OBJC_IMPLICIT_RETAIN_SELF = YES;
				CLANG_WARN_OBJC_LITERAL_CONVERSION = YES;
				CLANG_WARN_OBJC_ROOT_CLASS = YES_ERROR;
				CLANG_WARN_RANGE_LOOP_ANALYSIS = YES;
				CLANG_WARN_STRICT_PROTOTYPES = YES;
				CLANG_WARN_SUSPICIOUS_MOVE = YES;
				CLANG_WARN_UNGUARDED_AVAILABILITY = YES_AGGRESSIVE;
				CLANG_WARN_UNREACHABLE_CODE = YES;
				CLANG_WARN__DUPLICATE_METHOD_MATCH = YES;
				CODE_SIGN_STYLE = Automatic;
				COPY_PHASE_STRIP = NO;
				DEBUG_INFORMATION_FORMAT = dwarf;
				DEVELOPMENT_ASSET_PATHS = "\"GridExamples tvOS/Preview Content\"";
				DEVELOPMENT_TEAM = "";
				ENABLE_PREVIEWS = YES;
				ENABLE_STRICT_OBJC_MSGSEND = YES;
				ENABLE_TESTABILITY = YES;
				GCC_C_LANGUAGE_STANDARD = gnu11;
				GCC_DYNAMIC_NO_PIC = NO;
				GCC_NO_COMMON_BLOCKS = YES;
				GCC_OPTIMIZATION_LEVEL = 0;
				GCC_PREPROCESSOR_DEFINITIONS = (
					"DEBUG=1",
					"$(inherited)",
				);
				GCC_WARN_64_TO_32_BIT_CONVERSION = YES;
				GCC_WARN_ABOUT_RETURN_TYPE = YES_ERROR;
				GCC_WARN_UNDECLARED_SELECTOR = YES;
				GCC_WARN_UNINITIALIZED_AUTOS = YES_AGGRESSIVE;
				GCC_WARN_UNUSED_FUNCTION = YES;
				GCC_WARN_UNUSED_VARIABLE = YES;
				INFOPLIST_FILE = "GridExamples tvOS/Info.plist";
				LD_RUNPATH_SEARCH_PATHS = (
					"$(inherited)",
					"@executable_path/Frameworks",
				);
				MTL_ENABLE_DEBUG_INFO = INCLUDE_SOURCE;
				MTL_FAST_MATH = YES;
				ONLY_ACTIVE_ARCH = YES;
				PRODUCT_BUNDLE_IDENTIFIER = com.swiftuiextensions.grid.examples.tvos;
				PRODUCT_NAME = GridExamples;
				SDKROOT = appletvos;
				SWIFT_ACTIVE_COMPILATION_CONDITIONS = DEBUG;
				SWIFT_OPTIMIZATION_LEVEL = "-Onone";
				SWIFT_VERSION = 5.0;
				TARGETED_DEVICE_FAMILY = 3;
				TVOS_DEPLOYMENT_TARGET = 13.0;
			};
			name = Debug;
		};
		FA61E9A4231351FD006A5B6B /* Release */ = {
			isa = XCBuildConfiguration;
			buildSettings = {
				ALWAYS_SEARCH_USER_PATHS = NO;
				ASSETCATALOG_COMPILER_APPICON_NAME = "App Icon & Top Shelf Image";
				CLANG_ANALYZER_NONNULL = YES;
				CLANG_ANALYZER_NUMBER_OBJECT_CONVERSION = YES_AGGRESSIVE;
				CLANG_CXX_LANGUAGE_STANDARD = "gnu++14";
				CLANG_CXX_LIBRARY = "libc++";
				CLANG_ENABLE_MODULES = YES;
				CLANG_ENABLE_OBJC_ARC = YES;
				CLANG_ENABLE_OBJC_WEAK = YES;
				CLANG_WARN_BLOCK_CAPTURE_AUTORELEASING = YES;
				CLANG_WARN_BOOL_CONVERSION = YES;
				CLANG_WARN_COMMA = YES;
				CLANG_WARN_CONSTANT_CONVERSION = YES;
				CLANG_WARN_DEPRECATED_OBJC_IMPLEMENTATIONS = YES;
				CLANG_WARN_DIRECT_OBJC_ISA_USAGE = YES_ERROR;
				CLANG_WARN_DOCUMENTATION_COMMENTS = YES;
				CLANG_WARN_EMPTY_BODY = YES;
				CLANG_WARN_ENUM_CONVERSION = YES;
				CLANG_WARN_INFINITE_RECURSION = YES;
				CLANG_WARN_INT_CONVERSION = YES;
				CLANG_WARN_NON_LITERAL_NULL_CONVERSION = YES;
				CLANG_WARN_OBJC_IMPLICIT_RETAIN_SELF = YES;
				CLANG_WARN_OBJC_LITERAL_CONVERSION = YES;
				CLANG_WARN_OBJC_ROOT_CLASS = YES_ERROR;
				CLANG_WARN_RANGE_LOOP_ANALYSIS = YES;
				CLANG_WARN_STRICT_PROTOTYPES = YES;
				CLANG_WARN_SUSPICIOUS_MOVE = YES;
				CLANG_WARN_UNGUARDED_AVAILABILITY = YES_AGGRESSIVE;
				CLANG_WARN_UNREACHABLE_CODE = YES;
				CLANG_WARN__DUPLICATE_METHOD_MATCH = YES;
				CODE_SIGN_STYLE = Automatic;
				COPY_PHASE_STRIP = NO;
				DEBUG_INFORMATION_FORMAT = "dwarf-with-dsym";
				DEVELOPMENT_ASSET_PATHS = "\"GridExamples tvOS/Preview Content\"";
				DEVELOPMENT_TEAM = "";
				ENABLE_NS_ASSERTIONS = NO;
				ENABLE_PREVIEWS = YES;
				ENABLE_STRICT_OBJC_MSGSEND = YES;
				GCC_C_LANGUAGE_STANDARD = gnu11;
				GCC_NO_COMMON_BLOCKS = YES;
				GCC_WARN_64_TO_32_BIT_CONVERSION = YES;
				GCC_WARN_ABOUT_RETURN_TYPE = YES_ERROR;
				GCC_WARN_UNDECLARED_SELECTOR = YES;
				GCC_WARN_UNINITIALIZED_AUTOS = YES_AGGRESSIVE;
				GCC_WARN_UNUSED_FUNCTION = YES;
				GCC_WARN_UNUSED_VARIABLE = YES;
				INFOPLIST_FILE = "GridExamples tvOS/Info.plist";
				LD_RUNPATH_SEARCH_PATHS = (
					"$(inherited)",
					"@executable_path/Frameworks",
				);
				MTL_ENABLE_DEBUG_INFO = NO;
				MTL_FAST_MATH = YES;
				PRODUCT_BUNDLE_IDENTIFIER = com.swiftuiextensions.grid.examples.tvos;
				PRODUCT_NAME = GridExamples;
				SDKROOT = appletvos;
				SWIFT_COMPILATION_MODE = wholemodule;
				SWIFT_OPTIMIZATION_LEVEL = "-O";
				SWIFT_VERSION = 5.0;
				TARGETED_DEVICE_FAMILY = 3;
				TVOS_DEPLOYMENT_TARGET = 13.0;
				VALIDATE_PRODUCT = YES;
			};
			name = Release;
		};
		FA90210B230B32A500BF9341 /* Debug */ = {
			isa = XCBuildConfiguration;
			buildSettings = {
				CLANG_WARN_BLOCK_CAPTURE_AUTORELEASING = YES;
				CLANG_WARN_BOOL_CONVERSION = YES;
				CLANG_WARN_COMMA = YES;
				CLANG_WARN_CONSTANT_CONVERSION = YES;
				CLANG_WARN_DEPRECATED_OBJC_IMPLEMENTATIONS = YES;
				CLANG_WARN_EMPTY_BODY = YES;
				CLANG_WARN_ENUM_CONVERSION = YES;
				CLANG_WARN_INFINITE_RECURSION = YES;
				CLANG_WARN_INT_CONVERSION = YES;
				CLANG_WARN_NON_LITERAL_NULL_CONVERSION = YES;
				CLANG_WARN_OBJC_IMPLICIT_RETAIN_SELF = YES;
				CLANG_WARN_OBJC_LITERAL_CONVERSION = YES;
				CLANG_WARN_RANGE_LOOP_ANALYSIS = YES;
				CLANG_WARN_STRICT_PROTOTYPES = YES;
				CLANG_WARN_SUSPICIOUS_MOVE = YES;
				CLANG_WARN_UNREACHABLE_CODE = YES;
				CLANG_WARN__DUPLICATE_METHOD_MATCH = YES;
				ENABLE_STRICT_OBJC_MSGSEND = YES;
				ENABLE_TESTABILITY = YES;
				GCC_NO_COMMON_BLOCKS = YES;
				GCC_WARN_64_TO_32_BIT_CONVERSION = YES;
				GCC_WARN_ABOUT_RETURN_TYPE = YES;
				GCC_WARN_UNDECLARED_SELECTOR = YES;
				GCC_WARN_UNINITIALIZED_AUTOS = YES;
				GCC_WARN_UNUSED_FUNCTION = YES;
				GCC_WARN_UNUSED_VARIABLE = YES;
				ONLY_ACTIVE_ARCH = YES;
			};
			name = Debug;
		};
		FA90210C230B32A500BF9341 /* Release */ = {
			isa = XCBuildConfiguration;
			buildSettings = {
				CLANG_WARN_BLOCK_CAPTURE_AUTORELEASING = YES;
				CLANG_WARN_BOOL_CONVERSION = YES;
				CLANG_WARN_COMMA = YES;
				CLANG_WARN_CONSTANT_CONVERSION = YES;
				CLANG_WARN_DEPRECATED_OBJC_IMPLEMENTATIONS = YES;
				CLANG_WARN_EMPTY_BODY = YES;
				CLANG_WARN_ENUM_CONVERSION = YES;
				CLANG_WARN_INFINITE_RECURSION = YES;
				CLANG_WARN_INT_CONVERSION = YES;
				CLANG_WARN_NON_LITERAL_NULL_CONVERSION = YES;
				CLANG_WARN_OBJC_IMPLICIT_RETAIN_SELF = YES;
				CLANG_WARN_OBJC_LITERAL_CONVERSION = YES;
				CLANG_WARN_RANGE_LOOP_ANALYSIS = YES;
				CLANG_WARN_STRICT_PROTOTYPES = YES;
				CLANG_WARN_SUSPICIOUS_MOVE = YES;
				CLANG_WARN_UNREACHABLE_CODE = YES;
				CLANG_WARN__DUPLICATE_METHOD_MATCH = YES;
				ENABLE_STRICT_OBJC_MSGSEND = YES;
				GCC_NO_COMMON_BLOCKS = YES;
				GCC_WARN_64_TO_32_BIT_CONVERSION = YES;
				GCC_WARN_ABOUT_RETURN_TYPE = YES;
				GCC_WARN_UNDECLARED_SELECTOR = YES;
				GCC_WARN_UNINITIALIZED_AUTOS = YES;
				GCC_WARN_UNUSED_FUNCTION = YES;
				GCC_WARN_UNUSED_VARIABLE = YES;
			};
			name = Release;
		};
		FA902123230B32EC00BF9341 /* Debug */ = {
			isa = XCBuildConfiguration;
			buildSettings = {
				ALWAYS_SEARCH_USER_PATHS = NO;
				ASSETCATALOG_COMPILER_APPICON_NAME = AppIcon;
				CLANG_ANALYZER_NONNULL = YES;
				CLANG_ANALYZER_NUMBER_OBJECT_CONVERSION = YES_AGGRESSIVE;
				CLANG_CXX_LANGUAGE_STANDARD = "gnu++14";
				CLANG_CXX_LIBRARY = "libc++";
				CLANG_ENABLE_MODULES = YES;
				CLANG_ENABLE_OBJC_ARC = YES;
				CLANG_ENABLE_OBJC_WEAK = YES;
				CLANG_WARN_BLOCK_CAPTURE_AUTORELEASING = YES;
				CLANG_WARN_BOOL_CONVERSION = YES;
				CLANG_WARN_COMMA = YES;
				CLANG_WARN_CONSTANT_CONVERSION = YES;
				CLANG_WARN_DEPRECATED_OBJC_IMPLEMENTATIONS = YES;
				CLANG_WARN_DIRECT_OBJC_ISA_USAGE = YES_ERROR;
				CLANG_WARN_DOCUMENTATION_COMMENTS = YES;
				CLANG_WARN_EMPTY_BODY = YES;
				CLANG_WARN_ENUM_CONVERSION = YES;
				CLANG_WARN_INFINITE_RECURSION = YES;
				CLANG_WARN_INT_CONVERSION = YES;
				CLANG_WARN_NON_LITERAL_NULL_CONVERSION = YES;
				CLANG_WARN_OBJC_IMPLICIT_RETAIN_SELF = YES;
				CLANG_WARN_OBJC_LITERAL_CONVERSION = YES;
				CLANG_WARN_OBJC_ROOT_CLASS = YES_ERROR;
				CLANG_WARN_RANGE_LOOP_ANALYSIS = YES;
				CLANG_WARN_STRICT_PROTOTYPES = YES;
				CLANG_WARN_SUSPICIOUS_MOVE = YES;
				CLANG_WARN_UNGUARDED_AVAILABILITY = YES_AGGRESSIVE;
				CLANG_WARN_UNREACHABLE_CODE = YES;
				CLANG_WARN__DUPLICATE_METHOD_MATCH = YES;
				CODE_SIGN_ENTITLEMENTS = "GridExamples iOS/GridExamples iOS.entitlements";
				CODE_SIGN_STYLE = Automatic;
				COPY_PHASE_STRIP = NO;
				DEBUG_INFORMATION_FORMAT = dwarf;
				DERIVE_MACCATALYST_PRODUCT_BUNDLE_IDENTIFIER = YES;
				DEVELOPMENT_ASSET_PATHS = "\"GridExamples iOS\"/Preview\\ Content";
				DEVELOPMENT_TEAM = "";
				ENABLE_PREVIEWS = YES;
				ENABLE_STRICT_OBJC_MSGSEND = YES;
				ENABLE_TESTABILITY = YES;
				GCC_C_LANGUAGE_STANDARD = gnu11;
				GCC_DYNAMIC_NO_PIC = NO;
				GCC_NO_COMMON_BLOCKS = YES;
				GCC_OPTIMIZATION_LEVEL = 0;
				GCC_PREPROCESSOR_DEFINITIONS = (
					"DEBUG=1",
					"$(inherited)",
				);
				GCC_WARN_64_TO_32_BIT_CONVERSION = YES;
				GCC_WARN_ABOUT_RETURN_TYPE = YES_ERROR;
				GCC_WARN_UNDECLARED_SELECTOR = YES;
				GCC_WARN_UNINITIALIZED_AUTOS = YES_AGGRESSIVE;
				GCC_WARN_UNUSED_FUNCTION = YES;
				GCC_WARN_UNUSED_VARIABLE = YES;
				INFOPLIST_FILE = "GridExamples iOS/Info.plist";
				IPHONEOS_DEPLOYMENT_TARGET = 13.0;
				LD_RUNPATH_SEARCH_PATHS = (
					"$(inherited)",
					"@executable_path/Frameworks",
				);
				MTL_ENABLE_DEBUG_INFO = INCLUDE_SOURCE;
				MTL_FAST_MATH = YES;
				ONLY_ACTIVE_ARCH = YES;
				PRODUCT_BUNDLE_IDENTIFIER = com.swiftuiextensions.grid.examples.ios;
				PRODUCT_NAME = GridExamples;
				SDKROOT = iphoneos;
				SUPPORTS_MACCATALYST = YES;
				SWIFT_ACTIVE_COMPILATION_CONDITIONS = DEBUG;
				SWIFT_OPTIMIZATION_LEVEL = "-Onone";
				SWIFT_VERSION = 5.0;
				TARGETED_DEVICE_FAMILY = "1,2";
			};
			name = Debug;
		};
		FA902124230B32EC00BF9341 /* Release */ = {
			isa = XCBuildConfiguration;
			buildSettings = {
				ALWAYS_SEARCH_USER_PATHS = NO;
				ASSETCATALOG_COMPILER_APPICON_NAME = AppIcon;
				CLANG_ANALYZER_NONNULL = YES;
				CLANG_ANALYZER_NUMBER_OBJECT_CONVERSION = YES_AGGRESSIVE;
				CLANG_CXX_LANGUAGE_STANDARD = "gnu++14";
				CLANG_CXX_LIBRARY = "libc++";
				CLANG_ENABLE_MODULES = YES;
				CLANG_ENABLE_OBJC_ARC = YES;
				CLANG_ENABLE_OBJC_WEAK = YES;
				CLANG_WARN_BLOCK_CAPTURE_AUTORELEASING = YES;
				CLANG_WARN_BOOL_CONVERSION = YES;
				CLANG_WARN_COMMA = YES;
				CLANG_WARN_CONSTANT_CONVERSION = YES;
				CLANG_WARN_DEPRECATED_OBJC_IMPLEMENTATIONS = YES;
				CLANG_WARN_DIRECT_OBJC_ISA_USAGE = YES_ERROR;
				CLANG_WARN_DOCUMENTATION_COMMENTS = YES;
				CLANG_WARN_EMPTY_BODY = YES;
				CLANG_WARN_ENUM_CONVERSION = YES;
				CLANG_WARN_INFINITE_RECURSION = YES;
				CLANG_WARN_INT_CONVERSION = YES;
				CLANG_WARN_NON_LITERAL_NULL_CONVERSION = YES;
				CLANG_WARN_OBJC_IMPLICIT_RETAIN_SELF = YES;
				CLANG_WARN_OBJC_LITERAL_CONVERSION = YES;
				CLANG_WARN_OBJC_ROOT_CLASS = YES_ERROR;
				CLANG_WARN_RANGE_LOOP_ANALYSIS = YES;
				CLANG_WARN_STRICT_PROTOTYPES = YES;
				CLANG_WARN_SUSPICIOUS_MOVE = YES;
				CLANG_WARN_UNGUARDED_AVAILABILITY = YES_AGGRESSIVE;
				CLANG_WARN_UNREACHABLE_CODE = YES;
				CLANG_WARN__DUPLICATE_METHOD_MATCH = YES;
				CODE_SIGN_ENTITLEMENTS = "GridExamples iOS/GridExamples iOS.entitlements";
				CODE_SIGN_STYLE = Automatic;
				COPY_PHASE_STRIP = NO;
				DEBUG_INFORMATION_FORMAT = "dwarf-with-dsym";
				DERIVE_MACCATALYST_PRODUCT_BUNDLE_IDENTIFIER = YES;
				DEVELOPMENT_ASSET_PATHS = "\"GridExamples iOS\"/Preview\\ Content";
				DEVELOPMENT_TEAM = "";
				ENABLE_NS_ASSERTIONS = NO;
				ENABLE_PREVIEWS = YES;
				ENABLE_STRICT_OBJC_MSGSEND = YES;
				GCC_C_LANGUAGE_STANDARD = gnu11;
				GCC_NO_COMMON_BLOCKS = YES;
				GCC_WARN_64_TO_32_BIT_CONVERSION = YES;
				GCC_WARN_ABOUT_RETURN_TYPE = YES_ERROR;
				GCC_WARN_UNDECLARED_SELECTOR = YES;
				GCC_WARN_UNINITIALIZED_AUTOS = YES_AGGRESSIVE;
				GCC_WARN_UNUSED_FUNCTION = YES;
				GCC_WARN_UNUSED_VARIABLE = YES;
				INFOPLIST_FILE = "GridExamples iOS/Info.plist";
				IPHONEOS_DEPLOYMENT_TARGET = 13.0;
				LD_RUNPATH_SEARCH_PATHS = (
					"$(inherited)",
					"@executable_path/Frameworks",
				);
				MTL_ENABLE_DEBUG_INFO = NO;
				MTL_FAST_MATH = YES;
				PRODUCT_BUNDLE_IDENTIFIER = com.swiftuiextensions.grid.examples.ios;
				PRODUCT_NAME = GridExamples;
				SDKROOT = iphoneos;
				SUPPORTS_MACCATALYST = YES;
				SWIFT_COMPILATION_MODE = wholemodule;
				SWIFT_OPTIMIZATION_LEVEL = "-O";
				SWIFT_VERSION = 5.0;
				TARGETED_DEVICE_FAMILY = "1,2";
				VALIDATE_PRODUCT = YES;
			};
			name = Release;
		};
		FA902157230B341D00BF9341 /* Debug */ = {
			isa = XCBuildConfiguration;
			buildSettings = {
				ALWAYS_SEARCH_USER_PATHS = NO;
				ASSETCATALOG_COMPILER_APPICON_NAME = AppIcon;
				CLANG_ANALYZER_NONNULL = YES;
				CLANG_ANALYZER_NUMBER_OBJECT_CONVERSION = YES_AGGRESSIVE;
				CLANG_CXX_LANGUAGE_STANDARD = "gnu++14";
				CLANG_CXX_LIBRARY = "libc++";
				CLANG_ENABLE_MODULES = YES;
				CLANG_ENABLE_OBJC_ARC = YES;
				CLANG_ENABLE_OBJC_WEAK = YES;
				CLANG_WARN_BLOCK_CAPTURE_AUTORELEASING = YES;
				CLANG_WARN_BOOL_CONVERSION = YES;
				CLANG_WARN_COMMA = YES;
				CLANG_WARN_CONSTANT_CONVERSION = YES;
				CLANG_WARN_DEPRECATED_OBJC_IMPLEMENTATIONS = YES;
				CLANG_WARN_DIRECT_OBJC_ISA_USAGE = YES_ERROR;
				CLANG_WARN_DOCUMENTATION_COMMENTS = YES;
				CLANG_WARN_EMPTY_BODY = YES;
				CLANG_WARN_ENUM_CONVERSION = YES;
				CLANG_WARN_INFINITE_RECURSION = YES;
				CLANG_WARN_INT_CONVERSION = YES;
				CLANG_WARN_NON_LITERAL_NULL_CONVERSION = YES;
				CLANG_WARN_OBJC_IMPLICIT_RETAIN_SELF = YES;
				CLANG_WARN_OBJC_LITERAL_CONVERSION = YES;
				CLANG_WARN_OBJC_ROOT_CLASS = YES_ERROR;
				CLANG_WARN_RANGE_LOOP_ANALYSIS = YES;
				CLANG_WARN_STRICT_PROTOTYPES = YES;
				CLANG_WARN_SUSPICIOUS_MOVE = YES;
				CLANG_WARN_UNGUARDED_AVAILABILITY = YES_AGGRESSIVE;
				CLANG_WARN_UNREACHABLE_CODE = YES;
				CLANG_WARN__DUPLICATE_METHOD_MATCH = YES;
				CODE_SIGN_ENTITLEMENTS = "GridExamples macOS/GridExamples_macOS.entitlements";
				CODE_SIGN_IDENTITY = "-";
				CODE_SIGN_STYLE = Automatic;
				COMBINE_HIDPI_IMAGES = YES;
				COPY_PHASE_STRIP = NO;
				DEBUG_INFORMATION_FORMAT = dwarf;
				DEVELOPMENT_ASSET_PATHS = "\"GridExamples macOS\"/Preview\\ Content";
				DEVELOPMENT_TEAM = "";
				ENABLE_HARDENED_RUNTIME = YES;
				ENABLE_PREVIEWS = YES;
				ENABLE_STRICT_OBJC_MSGSEND = YES;
				ENABLE_TESTABILITY = YES;
				GCC_C_LANGUAGE_STANDARD = gnu11;
				GCC_DYNAMIC_NO_PIC = NO;
				GCC_NO_COMMON_BLOCKS = YES;
				GCC_OPTIMIZATION_LEVEL = 0;
				GCC_PREPROCESSOR_DEFINITIONS = (
					"DEBUG=1",
					"$(inherited)",
				);
				GCC_WARN_64_TO_32_BIT_CONVERSION = YES;
				GCC_WARN_ABOUT_RETURN_TYPE = YES_ERROR;
				GCC_WARN_UNDECLARED_SELECTOR = YES;
				GCC_WARN_UNINITIALIZED_AUTOS = YES_AGGRESSIVE;
				GCC_WARN_UNUSED_FUNCTION = YES;
				GCC_WARN_UNUSED_VARIABLE = YES;
				INFOPLIST_FILE = "GridExamples macOS/Info.plist";
				LD_RUNPATH_SEARCH_PATHS = (
					"$(inherited)",
					"@executable_path/../Frameworks",
				);
				MACOSX_DEPLOYMENT_TARGET = 10.15;
				MTL_ENABLE_DEBUG_INFO = INCLUDE_SOURCE;
				MTL_FAST_MATH = YES;
				ONLY_ACTIVE_ARCH = YES;
				PRODUCT_BUNDLE_IDENTIFIER = com.swiftuiextensions.grid.examples.macos;
				PRODUCT_NAME = GridExamples;
				SDKROOT = macosx;
				SWIFT_ACTIVE_COMPILATION_CONDITIONS = DEBUG;
				SWIFT_OPTIMIZATION_LEVEL = "-Onone";
				SWIFT_VERSION = 5.0;
			};
			name = Debug;
		};
		FA902158230B341D00BF9341 /* Release */ = {
			isa = XCBuildConfiguration;
			buildSettings = {
				ALWAYS_SEARCH_USER_PATHS = NO;
				ASSETCATALOG_COMPILER_APPICON_NAME = AppIcon;
				CLANG_ANALYZER_NONNULL = YES;
				CLANG_ANALYZER_NUMBER_OBJECT_CONVERSION = YES_AGGRESSIVE;
				CLANG_CXX_LANGUAGE_STANDARD = "gnu++14";
				CLANG_CXX_LIBRARY = "libc++";
				CLANG_ENABLE_MODULES = YES;
				CLANG_ENABLE_OBJC_ARC = YES;
				CLANG_ENABLE_OBJC_WEAK = YES;
				CLANG_WARN_BLOCK_CAPTURE_AUTORELEASING = YES;
				CLANG_WARN_BOOL_CONVERSION = YES;
				CLANG_WARN_COMMA = YES;
				CLANG_WARN_CONSTANT_CONVERSION = YES;
				CLANG_WARN_DEPRECATED_OBJC_IMPLEMENTATIONS = YES;
				CLANG_WARN_DIRECT_OBJC_ISA_USAGE = YES_ERROR;
				CLANG_WARN_DOCUMENTATION_COMMENTS = YES;
				CLANG_WARN_EMPTY_BODY = YES;
				CLANG_WARN_ENUM_CONVERSION = YES;
				CLANG_WARN_INFINITE_RECURSION = YES;
				CLANG_WARN_INT_CONVERSION = YES;
				CLANG_WARN_NON_LITERAL_NULL_CONVERSION = YES;
				CLANG_WARN_OBJC_IMPLICIT_RETAIN_SELF = YES;
				CLANG_WARN_OBJC_LITERAL_CONVERSION = YES;
				CLANG_WARN_OBJC_ROOT_CLASS = YES_ERROR;
				CLANG_WARN_RANGE_LOOP_ANALYSIS = YES;
				CLANG_WARN_STRICT_PROTOTYPES = YES;
				CLANG_WARN_SUSPICIOUS_MOVE = YES;
				CLANG_WARN_UNGUARDED_AVAILABILITY = YES_AGGRESSIVE;
				CLANG_WARN_UNREACHABLE_CODE = YES;
				CLANG_WARN__DUPLICATE_METHOD_MATCH = YES;
				CODE_SIGN_ENTITLEMENTS = "GridExamples macOS/GridExamples_macOS.entitlements";
				CODE_SIGN_IDENTITY = "-";
				CODE_SIGN_STYLE = Automatic;
				COMBINE_HIDPI_IMAGES = YES;
				COPY_PHASE_STRIP = NO;
				DEBUG_INFORMATION_FORMAT = "dwarf-with-dsym";
				DEVELOPMENT_ASSET_PATHS = "\"GridExamples macOS\"/Preview\\ Content";
				DEVELOPMENT_TEAM = "";
				ENABLE_HARDENED_RUNTIME = YES;
				ENABLE_NS_ASSERTIONS = NO;
				ENABLE_PREVIEWS = YES;
				ENABLE_STRICT_OBJC_MSGSEND = YES;
				GCC_C_LANGUAGE_STANDARD = gnu11;
				GCC_NO_COMMON_BLOCKS = YES;
				GCC_WARN_64_TO_32_BIT_CONVERSION = YES;
				GCC_WARN_ABOUT_RETURN_TYPE = YES_ERROR;
				GCC_WARN_UNDECLARED_SELECTOR = YES;
				GCC_WARN_UNINITIALIZED_AUTOS = YES_AGGRESSIVE;
				GCC_WARN_UNUSED_FUNCTION = YES;
				GCC_WARN_UNUSED_VARIABLE = YES;
				INFOPLIST_FILE = "GridExamples macOS/Info.plist";
				LD_RUNPATH_SEARCH_PATHS = (
					"$(inherited)",
					"@executable_path/../Frameworks",
				);
				MACOSX_DEPLOYMENT_TARGET = 10.15;
				MTL_ENABLE_DEBUG_INFO = NO;
				MTL_FAST_MATH = YES;
				PRODUCT_BUNDLE_IDENTIFIER = com.swiftuiextensions.grid.examples.macos;
				PRODUCT_NAME = GridExamples;
				SDKROOT = macosx;
				SWIFT_COMPILATION_MODE = wholemodule;
				SWIFT_OPTIMIZATION_LEVEL = "-O";
				SWIFT_VERSION = 5.0;
			};
			name = Release;
		};
/* End XCBuildConfiguration section */

/* Begin XCConfigurationList section */
		FA61E98123134508006A5B6B /* Build configuration list for PBXNativeTarget "GridExamples watchOS WatchKit Extension" */ = {
			isa = XCConfigurationList;
			buildConfigurations = (
				FA61E97F23134508006A5B6B /* Debug */,
				FA61E98023134508006A5B6B /* Release */,
			);
			defaultConfigurationIsVisible = 0;
			defaultConfigurationName = Release;
		};
		FA61E98223134508006A5B6B /* Build configuration list for PBXNativeTarget "GridExamples watchOS WatchKit App" */ = {
			isa = XCConfigurationList;
			buildConfigurations = (
				FA61E97C23134508006A5B6B /* Debug */,
				FA61E97D23134508006A5B6B /* Release */,
			);
			defaultConfigurationIsVisible = 0;
			defaultConfigurationName = Release;
		};
		FA61E98323134508006A5B6B /* Build configuration list for PBXNativeTarget "GridExamples watchOS" */ = {
			isa = XCConfigurationList;
			buildConfigurations = (
				FA61E97923134508006A5B6B /* Debug */,
				FA61E97A23134508006A5B6B /* Release */,
			);
			defaultConfigurationIsVisible = 0;
			defaultConfigurationName = Release;
		};
		FA61E9A5231351FD006A5B6B /* Build configuration list for PBXNativeTarget "GridExamples tvOS" */ = {
			isa = XCConfigurationList;
			buildConfigurations = (
				FA61E9A3231351FD006A5B6B /* Debug */,
				FA61E9A4231351FD006A5B6B /* Release */,
			);
			defaultConfigurationIsVisible = 0;
			defaultConfigurationName = Release;
		};
		FA90210A230B32A500BF9341 /* Build configuration list for PBXProject "GridExamples" */ = {
			isa = XCConfigurationList;
			buildConfigurations = (
				FA90210B230B32A500BF9341 /* Debug */,
				FA90210C230B32A500BF9341 /* Release */,
			);
			defaultConfigurationIsVisible = 0;
			defaultConfigurationName = Release;
		};
		FA902125230B32EC00BF9341 /* Build configuration list for PBXNativeTarget "GridExamples iOS" */ = {
			isa = XCConfigurationList;
			buildConfigurations = (
				FA902123230B32EC00BF9341 /* Debug */,
				FA902124230B32EC00BF9341 /* Release */,
			);
			defaultConfigurationIsVisible = 0;
			defaultConfigurationName = Release;
		};
		FA902156230B341D00BF9341 /* Build configuration list for PBXNativeTarget "GridExamples macOS" */ = {
			isa = XCConfigurationList;
			buildConfigurations = (
				FA902157230B341D00BF9341 /* Debug */,
				FA902158230B341D00BF9341 /* Release */,
			);
			defaultConfigurationIsVisible = 0;
			defaultConfigurationName = Release;
		};
/* End XCConfigurationList section */

/* Begin XCRemoteSwiftPackageReference section */
		FA66B37B235653DC00AB542A /* XCRemoteSwiftPackageReference "Grid" */ = {
			isa = XCRemoteSwiftPackageReference;
			repositoryURL = "git@github.com:SwiftUIExtensions/Grid.git";
			requirement = {
				kind = upToNextMajorVersion;
				minimumVersion = 0.6.2;
			};
		};
/* End XCRemoteSwiftPackageReference section */

/* Begin XCSwiftPackageProductDependency section */
		FA61E98423134656006A5B6B /* Grid */ = {
			isa = XCSwiftPackageProductDependency;
			productName = Grid;
		};
		FA61E9A623135319006A5B6B /* Grid */ = {
			isa = XCSwiftPackageProductDependency;
			productName = Grid;
		};
		FA66B37C235653DC00AB542A /* Grid */ = {
			isa = XCSwiftPackageProductDependency;
			package = FA66B37B235653DC00AB542A /* XCRemoteSwiftPackageReference "Grid" */;
			productName = Grid;
		};
		FA90215A230B346600BF9341 /* Grid */ = {
			isa = XCSwiftPackageProductDependency;
			productName = Grid;
		};
/* End XCSwiftPackageProductDependency section */
	};
	rootObject = FA902107230B32A500BF9341 /* Project object */;
}
