// !$*UTF8*$!
{
	archiveVersion = 1;
	classes = {
	};
	objectVersion = 52;
	objects = {

/* Begin PBXBuildFile section */
		FA2AF4B322EE780100CBBF3E /* AppDelegate.swift in Sources */ = {isa = PBXBuildFile; fileRef = FA2AF4B222EE780100CBBF3E /* AppDelegate.swift */; };
		FA2AF4B522EE780100CBBF3E /* ContentView.swift in Sources */ = {isa = PBXBuildFile; fileRef = FA2AF4B422EE780100CBBF3E /* ContentView.swift */; };
		FA2AF4B722EE780300CBBF3E /* Assets.xcassets in Resources */ = {isa = PBXBuildFile; fileRef = FA2AF4B622EE780300CBBF3E /* Assets.xcassets */; };
		FA2AF4BA22EE780300CBBF3E /* Preview Assets.xcassets in Resources */ = {isa = PBXBuildFile; fileRef = FA2AF4B922EE780300CBBF3E /* Preview Assets.xcassets */; };
		FA2AF4BD22EE780300CBBF3E /* Main.storyboard in Resources */ = {isa = PBXBuildFile; fileRef = FA2AF4BB22EE780300CBBF3E /* Main.storyboard */; };
		FA2AF4C522EE785100CBBF3E /* CardView.swift in Sources */ = {isa = PBXBuildFile; fileRef = FA2AF4C422EE784300CBBF3E /* CardView.swift */; };
		FA2AF4C622EE785200CBBF3E /* CardView.swift in Sources */ = {isa = PBXBuildFile; fileRef = FA2AF4C422EE784300CBBF3E /* CardView.swift */; };
		FA2AF4C822EE788C00CBBF3E /* Grid in Frameworks */ = {isa = PBXBuildFile; productRef = FA2AF4C722EE788C00CBBF3E /* Grid */; };
		FAF1C06122EE161F00F92FEA /* AppDelegate.swift in Sources */ = {isa = PBXBuildFile; fileRef = FAF1C06022EE161F00F92FEA /* AppDelegate.swift */; };
		FAF1C06322EE161F00F92FEA /* SceneDelegate.swift in Sources */ = {isa = PBXBuildFile; fileRef = FAF1C06222EE161F00F92FEA /* SceneDelegate.swift */; };
		FAF1C06522EE161F00F92FEA /* ContentView.swift in Sources */ = {isa = PBXBuildFile; fileRef = FAF1C06422EE161F00F92FEA /* ContentView.swift */; };
		FAF1C06722EE162100F92FEA /* Assets.xcassets in Resources */ = {isa = PBXBuildFile; fileRef = FAF1C06622EE162100F92FEA /* Assets.xcassets */; };
		FAF1C06A22EE162100F92FEA /* Preview Assets.xcassets in Resources */ = {isa = PBXBuildFile; fileRef = FAF1C06922EE162100F92FEA /* Preview Assets.xcassets */; };
		FAF1C06D22EE162100F92FEA /* LaunchScreen.storyboard in Resources */ = {isa = PBXBuildFile; fileRef = FAF1C06B22EE162100F92FEA /* LaunchScreen.storyboard */; };
		FAF1C07422EE17DF00F92FEA /* Grid in Frameworks */ = {isa = PBXBuildFile; productRef = FAF1C07322EE17DF00F92FEA /* Grid */; };
/* End PBXBuildFile section */

/* Begin PBXFileReference section */
		FA2AF4B022EE780100CBBF3E /* GridExamples macOS.app */ = {isa = PBXFileReference; explicitFileType = wrapper.application; includeInIndex = 0; path = "GridExamples macOS.app"; sourceTree = BUILT_PRODUCTS_DIR; };
		FA2AF4B222EE780100CBBF3E /* AppDelegate.swift */ = {isa = PBXFileReference; lastKnownFileType = sourcecode.swift; path = AppDelegate.swift; sourceTree = "<group>"; };
		FA2AF4B422EE780100CBBF3E /* ContentView.swift */ = {isa = PBXFileReference; lastKnownFileType = sourcecode.swift; path = ContentView.swift; sourceTree = "<group>"; };
		FA2AF4B622EE780300CBBF3E /* Assets.xcassets */ = {isa = PBXFileReference; lastKnownFileType = folder.assetcatalog; path = Assets.xcassets; sourceTree = "<group>"; };
		FA2AF4B922EE780300CBBF3E /* Preview Assets.xcassets */ = {isa = PBXFileReference; lastKnownFileType = folder.assetcatalog; path = "Preview Assets.xcassets"; sourceTree = "<group>"; };
		FA2AF4BC22EE780300CBBF3E /* Base */ = {isa = PBXFileReference; lastKnownFileType = file.storyboard; name = Base; path = Base.lproj/Main.storyboard; sourceTree = "<group>"; };
		FA2AF4BE22EE780300CBBF3E /* Info.plist */ = {isa = PBXFileReference; lastKnownFileType = text.plist.xml; path = Info.plist; sourceTree = "<group>"; };
		FA2AF4BF22EE780300CBBF3E /* GridExamples_macOS.entitlements */ = {isa = PBXFileReference; lastKnownFileType = text.plist.entitlements; path = GridExamples_macOS.entitlements; sourceTree = "<group>"; };
		FA2AF4C422EE784300CBBF3E /* CardView.swift */ = {isa = PBXFileReference; lastKnownFileType = sourcecode.swift; path = CardView.swift; sourceTree = "<group>"; };
		FAF1C05822EE15CA00F92FEA /* Grid */ = {isa = PBXFileReference; lastKnownFileType = folder; name = Grid; path = ..; sourceTree = "<group>"; };
		FAF1C05D22EE161F00F92FEA /* GridExamples iOS.app */ = {isa = PBXFileReference; explicitFileType = wrapper.application; includeInIndex = 0; path = "GridExamples iOS.app"; sourceTree = BUILT_PRODUCTS_DIR; };
		FAF1C06022EE161F00F92FEA /* AppDelegate.swift */ = {isa = PBXFileReference; lastKnownFileType = sourcecode.swift; path = AppDelegate.swift; sourceTree = "<group>"; };
		FAF1C06222EE161F00F92FEA /* SceneDelegate.swift */ = {isa = PBXFileReference; lastKnownFileType = sourcecode.swift; path = SceneDelegate.swift; sourceTree = "<group>"; };
		FAF1C06422EE161F00F92FEA /* ContentView.swift */ = {isa = PBXFileReference; lastKnownFileType = sourcecode.swift; path = ContentView.swift; sourceTree = "<group>"; };
		FAF1C06622EE162100F92FEA /* Assets.xcassets */ = {isa = PBXFileReference; lastKnownFileType = folder.assetcatalog; path = Assets.xcassets; sourceTree = "<group>"; };
		FAF1C06922EE162100F92FEA /* Preview Assets.xcassets */ = {isa = PBXFileReference; lastKnownFileType = folder.assetcatalog; path = "Preview Assets.xcassets"; sourceTree = "<group>"; };
		FAF1C06C22EE162100F92FEA /* Base */ = {isa = PBXFileReference; lastKnownFileType = file.storyboard; name = Base; path = Base.lproj/LaunchScreen.storyboard; sourceTree = "<group>"; };
		FAF1C06E22EE162100F92FEA /* Info.plist */ = {isa = PBXFileReference; lastKnownFileType = text.plist.xml; path = Info.plist; sourceTree = "<group>"; };
/* End PBXFileReference section */

/* Begin PBXFrameworksBuildPhase section */
		FA2AF4AD22EE780100CBBF3E /* Frameworks */ = {
			isa = PBXFrameworksBuildPhase;
			buildActionMask = 2147483647;
			files = (
				FA2AF4C822EE788C00CBBF3E /* Grid in Frameworks */,
			);
			runOnlyForDeploymentPostprocessing = 0;
		};
		FAF1C05A22EE161F00F92FEA /* Frameworks */ = {
			isa = PBXFrameworksBuildPhase;
			buildActionMask = 2147483647;
			files = (
				FAF1C07422EE17DF00F92FEA /* Grid in Frameworks */,
			);
			runOnlyForDeploymentPostprocessing = 0;
		};
/* End PBXFrameworksBuildPhase section */

/* Begin PBXGroup section */
		FA2AF4B122EE780100CBBF3E /* GridExamples macOS */ = {
			isa = PBXGroup;
			children = (
				FA2AF4B222EE780100CBBF3E /* AppDelegate.swift */,
				FA2AF4B422EE780100CBBF3E /* ContentView.swift */,
				FA2AF4B622EE780300CBBF3E /* Assets.xcassets */,
				FA2AF4BB22EE780300CBBF3E /* Main.storyboard */,
				FA2AF4BE22EE780300CBBF3E /* Info.plist */,
				FA2AF4BF22EE780300CBBF3E /* GridExamples_macOS.entitlements */,
				FA2AF4B822EE780300CBBF3E /* Preview Content */,
			);
			path = "GridExamples macOS";
			sourceTree = "<group>";
		};
		FA2AF4B822EE780300CBBF3E /* Preview Content */ = {
			isa = PBXGroup;
			children = (
				FA2AF4B922EE780300CBBF3E /* Preview Assets.xcassets */,
			);
			path = "Preview Content";
			sourceTree = "<group>";
		};
		FA2AF4C322EE783200CBBF3E /* GridExamples */ = {
			isa = PBXGroup;
			children = (
				FA2AF4C422EE784300CBBF3E /* CardView.swift */,
			);
			path = GridExamples;
			sourceTree = "<group>";
		};
		FAF1C05122EE157200F92FEA = {
			isa = PBXGroup;
			children = (
				FAF1C05822EE15CA00F92FEA /* Grid */,
				FA2AF4C322EE783200CBBF3E /* GridExamples */,
				FAF1C05F22EE161F00F92FEA /* GridExamples iOS */,
				FA2AF4B122EE780100CBBF3E /* GridExamples macOS */,
				FAF1C05E22EE161F00F92FEA /* Products */,
				FAF1C07222EE17DF00F92FEA /* Frameworks */,
			);
			sourceTree = "<group>";
		};
		FAF1C05E22EE161F00F92FEA /* Products */ = {
			isa = PBXGroup;
			children = (
				FAF1C05D22EE161F00F92FEA /* GridExamples iOS.app */,
				FA2AF4B022EE780100CBBF3E /* GridExamples macOS.app */,
			);
			name = Products;
			sourceTree = "<group>";
		};
		FAF1C05F22EE161F00F92FEA /* GridExamples iOS */ = {
			isa = PBXGroup;
			children = (
				FAF1C06022EE161F00F92FEA /* AppDelegate.swift */,
				FAF1C06222EE161F00F92FEA /* SceneDelegate.swift */,
				FAF1C06422EE161F00F92FEA /* ContentView.swift */,
				FAF1C06622EE162100F92FEA /* Assets.xcassets */,
				FAF1C06B22EE162100F92FEA /* LaunchScreen.storyboard */,
				FAF1C06E22EE162100F92FEA /* Info.plist */,
				FAF1C06822EE162100F92FEA /* Preview Content */,
			);
			path = "GridExamples iOS";
			sourceTree = "<group>";
		};
		FAF1C06822EE162100F92FEA /* Preview Content */ = {
			isa = PBXGroup;
			children = (
				FAF1C06922EE162100F92FEA /* Preview Assets.xcassets */,
			);
			path = "Preview Content";
			sourceTree = "<group>";
		};
		FAF1C07222EE17DF00F92FEA /* Frameworks */ = {
			isa = PBXGroup;
			children = (
			);
			name = Frameworks;
			sourceTree = "<group>";
		};
/* End PBXGroup section */

/* Begin PBXNativeTarget section */
		FA2AF4AF22EE780100CBBF3E /* GridExamples macOS */ = {
			isa = PBXNativeTarget;
			buildConfigurationList = FA2AF4C022EE780300CBBF3E /* Build configuration list for PBXNativeTarget "GridExamples macOS" */;
			buildPhases = (
				FA2AF4AC22EE780100CBBF3E /* Sources */,
				FA2AF4AD22EE780100CBBF3E /* Frameworks */,
				FA2AF4AE22EE780100CBBF3E /* Resources */,
			);
			buildRules = (
			);
			dependencies = (
			);
			name = "GridExamples macOS";
			packageProductDependencies = (
				FA2AF4C722EE788C00CBBF3E /* Grid */,
			);
			productName = "GridExamples macOS";
			productReference = FA2AF4B022EE780100CBBF3E /* GridExamples macOS.app */;
			productType = "com.apple.product-type.application";
		};
		FAF1C05C22EE161F00F92FEA /* GridExamples iOS */ = {
			isa = PBXNativeTarget;
			buildConfigurationList = FAF1C06F22EE162100F92FEA /* Build configuration list for PBXNativeTarget "GridExamples iOS" */;
			buildPhases = (
				FAF1C05922EE161F00F92FEA /* Sources */,
				FAF1C05A22EE161F00F92FEA /* Frameworks */,
				FAF1C05B22EE161F00F92FEA /* Resources */,
			);
			buildRules = (
			);
			dependencies = (
			);
			name = "GridExamples iOS";
			packageProductDependencies = (
				FAF1C07322EE17DF00F92FEA /* Grid */,
			);
			productName = "GridExamples iOS";
			productReference = FAF1C05D22EE161F00F92FEA /* GridExamples iOS.app */;
			productType = "com.apple.product-type.application";
		};
/* End PBXNativeTarget section */

/* Begin PBXProject section */
		FAF1C05222EE157200F92FEA /* Project object */ = {
			isa = PBXProject;
			attributes = {
				LastSwiftUpdateCheck = 1100;
				LastUpgradeCheck = 1100;
				TargetAttributes = {
					FA2AF4AF22EE780100CBBF3E = {
						CreatedOnToolsVersion = 11.0;
					};
					FAF1C05C22EE161F00F92FEA = {
						CreatedOnToolsVersion = 11.0;
					};
				};
			};
			buildConfigurationList = FAF1C05522EE157200F92FEA /* Build configuration list for PBXProject "GridExamples" */;
			compatibilityVersion = "Xcode 9.3";
			developmentRegion = en;
			hasScannedForEncodings = 0;
			knownRegions = (
				en,
				Base,
			);
			mainGroup = FAF1C05122EE157200F92FEA;
			productRefGroup = FAF1C05E22EE161F00F92FEA /* Products */;
			projectDirPath = "";
			projectRoot = "";
			targets = (
				FAF1C05C22EE161F00F92FEA /* GridExamples iOS */,
				FA2AF4AF22EE780100CBBF3E /* GridExamples macOS */,
			);
		};
/* End PBXProject section */

/* Begin PBXResourcesBuildPhase section */
		FA2AF4AE22EE780100CBBF3E /* Resources */ = {
			isa = PBXResourcesBuildPhase;
			buildActionMask = 2147483647;
			files = (
				FA2AF4BD22EE780300CBBF3E /* Main.storyboard in Resources */,
				FA2AF4BA22EE780300CBBF3E /* Preview Assets.xcassets in Resources */,
				FA2AF4B722EE780300CBBF3E /* Assets.xcassets in Resources */,
			);
			runOnlyForDeploymentPostprocessing = 0;
		};
		FAF1C05B22EE161F00F92FEA /* Resources */ = {
			isa = PBXResourcesBuildPhase;
			buildActionMask = 2147483647;
			files = (
				FAF1C06D22EE162100F92FEA /* LaunchScreen.storyboard in Resources */,
				FAF1C06A22EE162100F92FEA /* Preview Assets.xcassets in Resources */,
				FAF1C06722EE162100F92FEA /* Assets.xcassets in Resources */,
			);
			runOnlyForDeploymentPostprocessing = 0;
		};
/* End PBXResourcesBuildPhase section */

/* Begin PBXSourcesBuildPhase section */
		FA2AF4AC22EE780100CBBF3E /* Sources */ = {
			isa = PBXSourcesBuildPhase;
			buildActionMask = 2147483647;
			files = (
				FA2AF4B522EE780100CBBF3E /* ContentView.swift in Sources */,
				FA2AF4C622EE785200CBBF3E /* CardView.swift in Sources */,
				FA2AF4B322EE780100CBBF3E /* AppDelegate.swift in Sources */,
			);
			runOnlyForDeploymentPostprocessing = 0;
		};
		FAF1C05922EE161F00F92FEA /* Sources */ = {
			isa = PBXSourcesBuildPhase;
			buildActionMask = 2147483647;
			files = (
				FAF1C06122EE161F00F92FEA /* AppDelegate.swift in Sources */,
				FAF1C06322EE161F00F92FEA /* SceneDelegate.swift in Sources */,
				FAF1C06522EE161F00F92FEA /* ContentView.swift in Sources */,
				FA2AF4C522EE785100CBBF3E /* CardView.swift in Sources */,
			);
			runOnlyForDeploymentPostprocessing = 0;
		};
/* End PBXSourcesBuildPhase section */

/* Begin PBXVariantGroup section */
		FA2AF4BB22EE780300CBBF3E /* Main.storyboard */ = {
			isa = PBXVariantGroup;
			children = (
				FA2AF4BC22EE780300CBBF3E /* Base */,
			);
			name = Main.storyboard;
			sourceTree = "<group>";
		};
		FAF1C06B22EE162100F92FEA /* LaunchScreen.storyboard */ = {
			isa = PBXVariantGroup;
			children = (
				FAF1C06C22EE162100F92FEA /* Base */,
			);
			name = LaunchScreen.storyboard;
			sourceTree = "<group>";
		};
/* End PBXVariantGroup section */

/* Begin XCBuildConfiguration section */
		FA2AF4C122EE780300CBBF3E /* Debug */ = {
			isa = XCBuildConfiguration;
			buildSettings = {
				ALWAYS_SEARCH_USER_PATHS = NO;
				ASSETCATALOG_COMPILER_APPICON_NAME = AppIcon;
				CLANG_ANALYZER_NONNULL = YES;
				CLANG_ANALYZER_NUMBER_OBJECT_CONVERSION = YES_AGGRESSIVE;
				CLANG_CXX_LANGUAGE_STANDARD = "gnu++14";
				CLANG_CXX_LIBRARY = "libc++";
				CLANG_ENABLE_MODULES = YES;
				CLANG_ENABLE_OBJC_ARC = YES;
				CLANG_ENABLE_OBJC_WEAK = YES;
				CLANG_WARN_BLOCK_CAPTURE_AUTORELEASING = YES;
				CLANG_WARN_BOOL_CONVERSION = YES;
				CLANG_WARN_COMMA = YES;
				CLANG_WARN_CONSTANT_CONVERSION = YES;
				CLANG_WARN_DEPRECATED_OBJC_IMPLEMENTATIONS = YES;
				CLANG_WARN_DIRECT_OBJC_ISA_USAGE = YES_ERROR;
				CLANG_WARN_DOCUMENTATION_COMMENTS = YES;
				CLANG_WARN_EMPTY_BODY = YES;
				CLANG_WARN_ENUM_CONVERSION = YES;
				CLANG_WARN_INFINITE_RECURSION = YES;
				CLANG_WARN_INT_CONVERSION = YES;
				CLANG_WARN_NON_LITERAL_NULL_CONVERSION = YES;
				CLANG_WARN_OBJC_IMPLICIT_RETAIN_SELF = YES;
				CLANG_WARN_OBJC_LITERAL_CONVERSION = YES;
				CLANG_WARN_OBJC_ROOT_CLASS = YES_ERROR;
				CLANG_WARN_RANGE_LOOP_ANALYSIS = YES;
				CLANG_WARN_STRICT_PROTOTYPES = YES;
				CLANG_WARN_SUSPICIOUS_MOVE = YES;
				CLANG_WARN_UNGUARDED_AVAILABILITY = YES_AGGRESSIVE;
				CLANG_WARN_UNREACHABLE_CODE = YES;
				CLANG_WARN__DUPLICATE_METHOD_MATCH = YES;
				CODE_SIGN_ENTITLEMENTS = "GridExamples macOS/GridExamples_macOS.entitlements";
				CODE_SIGN_STYLE = Automatic;
				COMBINE_HIDPI_IMAGES = YES;
				COPY_PHASE_STRIP = NO;
				DEBUG_INFORMATION_FORMAT = dwarf;
				DEVELOPMENT_ASSET_PATHS = "\"GridExamples macOS\"/Preview\\ Content";
				ENABLE_PREVIEWS = YES;
				ENABLE_STRICT_OBJC_MSGSEND = YES;
				ENABLE_TESTABILITY = YES;
				GCC_C_LANGUAGE_STANDARD = gnu11;
				GCC_DYNAMIC_NO_PIC = NO;
				GCC_NO_COMMON_BLOCKS = YES;
				GCC_OPTIMIZATION_LEVEL = 0;
				GCC_PREPROCESSOR_DEFINITIONS = (
					"DEBUG=1",
					"$(inherited)",
				);
				GCC_WARN_64_TO_32_BIT_CONVERSION = YES;
				GCC_WARN_ABOUT_RETURN_TYPE = YES_ERROR;
				GCC_WARN_UNDECLARED_SELECTOR = YES;
				GCC_WARN_UNINITIALIZED_AUTOS = YES_AGGRESSIVE;
				GCC_WARN_UNUSED_FUNCTION = YES;
				GCC_WARN_UNUSED_VARIABLE = YES;
				INFOPLIST_FILE = "GridExamples macOS/Info.plist";
				LD_RUNPATH_SEARCH_PATHS = (
					"$(inherited)",
					"@executable_path/../Frameworks",
				);
				MACOSX_DEPLOYMENT_TARGET = 10.15;
				MTL_ENABLE_DEBUG_INFO = INCLUDE_SOURCE;
				MTL_FAST_MATH = YES;
				ONLY_ACTIVE_ARCH = YES;
				PRODUCT_BUNDLE_IDENTIFIER = "com.spacenation.GridExamples-macOS";
				PRODUCT_NAME = "$(TARGET_NAME)";
				SDKROOT = macosx;
				SWIFT_ACTIVE_COMPILATION_CONDITIONS = DEBUG;
				SWIFT_OPTIMIZATION_LEVEL = "-Onone";
				SWIFT_VERSION = 5.0;
			};
			name = Debug;
		};
		FA2AF4C222EE780300CBBF3E /* Release */ = {
			isa = XCBuildConfiguration;
			buildSettings = {
				ALWAYS_SEARCH_USER_PATHS = NO;
				ASSETCATALOG_COMPILER_APPICON_NAME = AppIcon;
				CLANG_ANALYZER_NONNULL = YES;
				CLANG_ANALYZER_NUMBER_OBJECT_CONVERSION = YES_AGGRESSIVE;
				CLANG_CXX_LANGUAGE_STANDARD = "gnu++14";
				CLANG_CXX_LIBRARY = "libc++";
				CLANG_ENABLE_MODULES = YES;
				CLANG_ENABLE_OBJC_ARC = YES;
				CLANG_ENABLE_OBJC_WEAK = YES;
				CLANG_WARN_BLOCK_CAPTURE_AUTORELEASING = YES;
				CLANG_WARN_BOOL_CONVERSION = YES;
				CLANG_WARN_COMMA = YES;
				CLANG_WARN_CONSTANT_CONVERSION = YES;
				CLANG_WARN_DEPRECATED_OBJC_IMPLEMENTATIONS = YES;
				CLANG_WARN_DIRECT_OBJC_ISA_USAGE = YES_ERROR;
				CLANG_WARN_DOCUMENTATION_COMMENTS = YES;
				CLANG_WARN_EMPTY_BODY = YES;
				CLANG_WARN_ENUM_CONVERSION = YES;
				CLANG_WARN_INFINITE_RECURSION = YES;
				CLANG_WARN_INT_CONVERSION = YES;
				CLANG_WARN_NON_LITERAL_NULL_CONVERSION = YES;
				CLANG_WARN_OBJC_IMPLICIT_RETAIN_SELF = YES;
				CLANG_WARN_OBJC_LITERAL_CONVERSION = YES;
				CLANG_WARN_OBJC_ROOT_CLASS = YES_ERROR;
				CLANG_WARN_RANGE_LOOP_ANALYSIS = YES;
				CLANG_WARN_STRICT_PROTOTYPES = YES;
				CLANG_WARN_SUSPICIOUS_MOVE = YES;
				CLANG_WARN_UNGUARDED_AVAILABILITY = YES_AGGRESSIVE;
				CLANG_WARN_UNREACHABLE_CODE = YES;
				CLANG_WARN__DUPLICATE_METHOD_MATCH = YES;
				CODE_SIGN_ENTITLEMENTS = "GridExamples macOS/GridExamples_macOS.entitlements";
				CODE_SIGN_STYLE = Automatic;
				COMBINE_HIDPI_IMAGES = YES;
				COPY_PHASE_STRIP = NO;
				DEBUG_INFORMATION_FORMAT = "dwarf-with-dsym";
				DEVELOPMENT_ASSET_PATHS = "\"GridExamples macOS\"/Preview\\ Content";
				ENABLE_NS_ASSERTIONS = NO;
				ENABLE_PREVIEWS = YES;
				ENABLE_STRICT_OBJC_MSGSEND = YES;
				GCC_C_LANGUAGE_STANDARD = gnu11;
				GCC_NO_COMMON_BLOCKS = YES;
				GCC_WARN_64_TO_32_BIT_CONVERSION = YES;
				GCC_WARN_ABOUT_RETURN_TYPE = YES_ERROR;
				GCC_WARN_UNDECLARED_SELECTOR = YES;
				GCC_WARN_UNINITIALIZED_AUTOS = YES_AGGRESSIVE;
				GCC_WARN_UNUSED_FUNCTION = YES;
				GCC_WARN_UNUSED_VARIABLE = YES;
				INFOPLIST_FILE = "GridExamples macOS/Info.plist";
				LD_RUNPATH_SEARCH_PATHS = (
					"$(inherited)",
					"@executable_path/../Frameworks",
				);
				MACOSX_DEPLOYMENT_TARGET = 10.15;
				MTL_ENABLE_DEBUG_INFO = NO;
				MTL_FAST_MATH = YES;
				PRODUCT_BUNDLE_IDENTIFIER = "com.spacenation.GridExamples-macOS";
				PRODUCT_NAME = "$(TARGET_NAME)";
				SDKROOT = macosx;
				SWIFT_COMPILATION_MODE = wholemodule;
				SWIFT_OPTIMIZATION_LEVEL = "-O";
				SWIFT_VERSION = 5.0;
			};
			name = Release;
		};
		FAF1C05622EE157200F92FEA /* Debug */ = {
			isa = XCBuildConfiguration;
			buildSettings = {
				IPHONEOS_DEPLOYMENT_TARGET = 13.0;
			};
			name = Debug;
		};
		FAF1C05722EE157200F92FEA /* Release */ = {
			isa = XCBuildConfiguration;
			buildSettings = {
				IPHONEOS_DEPLOYMENT_TARGET = 13.0;
			};
			name = Release;
		};
		FAF1C07022EE162100F92FEA /* Debug */ = {
			isa = XCBuildConfiguration;
			buildSettings = {
				ALWAYS_SEARCH_USER_PATHS = NO;
				ASSETCATALOG_COMPILER_APPICON_NAME = AppIcon;
				CLANG_ANALYZER_NONNULL = YES;
				CLANG_ANALYZER_NUMBER_OBJECT_CONVERSION = YES_AGGRESSIVE;
				CLANG_CXX_LANGUAGE_STANDARD = "gnu++14";
				CLANG_CXX_LIBRARY = "libc++";
				CLANG_ENABLE_MODULES = YES;
				CLANG_ENABLE_OBJC_ARC = YES;
				CLANG_ENABLE_OBJC_WEAK = YES;
				CLANG_WARN_BLOCK_CAPTURE_AUTORELEASING = YES;
				CLANG_WARN_BOOL_CONVERSION = YES;
				CLANG_WARN_COMMA = YES;
				CLANG_WARN_CONSTANT_CONVERSION = YES;
				CLANG_WARN_DEPRECATED_OBJC_IMPLEMENTATIONS = YES;
				CLANG_WARN_DIRECT_OBJC_ISA_USAGE = YES_ERROR;
				CLANG_WARN_DOCUMENTATION_COMMENTS = YES;
				CLANG_WARN_EMPTY_BODY = YES;
				CLANG_WARN_ENUM_CONVERSION = YES;
				CLANG_WARN_INFINITE_RECURSION = YES;
				CLANG_WARN_INT_CONVERSION = YES;
				CLANG_WARN_NON_LITERAL_NULL_CONVERSION = YES;
				CLANG_WARN_OBJC_IMPLICIT_RETAIN_SELF = YES;
				CLANG_WARN_OBJC_LITERAL_CONVERSION = YES;
				CLANG_WARN_OBJC_ROOT_CLASS = YES_ERROR;
				CLANG_WARN_RANGE_LOOP_ANALYSIS = YES;
				CLANG_WARN_STRICT_PROTOTYPES = YES;
				CLANG_WARN_SUSPICIOUS_MOVE = YES;
				CLANG_WARN_UNGUARDED_AVAILABILITY = YES_AGGRESSIVE;
				CLANG_WARN_UNREACHABLE_CODE = YES;
				CLANG_WARN__DUPLICATE_METHOD_MATCH = YES;
				CODE_SIGN_STYLE = Automatic;
				COPY_PHASE_STRIP = NO;
				DEBUG_INFORMATION_FORMAT = dwarf;
				DEVELOPMENT_ASSET_PATHS = "\"GridExamples iOS\"/Preview\\ Content";
				ENABLE_PREVIEWS = YES;
				ENABLE_STRICT_OBJC_MSGSEND = YES;
				ENABLE_TESTABILITY = YES;
				GCC_C_LANGUAGE_STANDARD = gnu11;
				GCC_DYNAMIC_NO_PIC = NO;
				GCC_NO_COMMON_BLOCKS = YES;
				GCC_OPTIMIZATION_LEVEL = 0;
				GCC_PREPROCESSOR_DEFINITIONS = (
					"DEBUG=1",
					"$(inherited)",
				);
				GCC_WARN_64_TO_32_BIT_CONVERSION = YES;
				GCC_WARN_ABOUT_RETURN_TYPE = YES_ERROR;
				GCC_WARN_UNDECLARED_SELECTOR = YES;
				GCC_WARN_UNINITIALIZED_AUTOS = YES_AGGRESSIVE;
				GCC_WARN_UNUSED_FUNCTION = YES;
				GCC_WARN_UNUSED_VARIABLE = YES;
				INFOPLIST_FILE = "GridExamples iOS/Info.plist";
				IPHONEOS_DEPLOYMENT_TARGET = 13.0;
				LD_RUNPATH_SEARCH_PATHS = (
					"$(inherited)",
					"@executable_path/Frameworks",
				);
				MARKETING_VERSION = 1.0.0;
				MTL_ENABLE_DEBUG_INFO = INCLUDE_SOURCE;
				MTL_FAST_MATH = YES;
				ONLY_ACTIVE_ARCH = YES;
				PRODUCT_BUNDLE_IDENTIFIER = com.spacenation.grid.examples.ios;
				PRODUCT_NAME = "$(TARGET_NAME)";
				SDKROOT = iphoneos;
				SWIFT_ACTIVE_COMPILATION_CONDITIONS = DEBUG;
				SWIFT_OPTIMIZATION_LEVEL = "-Onone";
				SWIFT_VERSION = 5.0;
				TARGETED_DEVICE_FAMILY = "1,2";
			};
			name = Debug;
		};
		FAF1C07122EE162100F92FEA /* Release */ = {
			isa = XCBuildConfiguration;
			buildSettings = {
				ALWAYS_SEARCH_USER_PATHS = NO;
				ASSETCATALOG_COMPILER_APPICON_NAME = AppIcon;
				CLANG_ANALYZER_NONNULL = YES;
				CLANG_ANALYZER_NUMBER_OBJECT_CONVERSION = YES_AGGRESSIVE;
				CLANG_CXX_LANGUAGE_STANDARD = "gnu++14";
				CLANG_CXX_LIBRARY = "libc++";
				CLANG_ENABLE_MODULES = YES;
				CLANG_ENABLE_OBJC_ARC = YES;
				CLANG_ENABLE_OBJC_WEAK = YES;
				CLANG_WARN_BLOCK_CAPTURE_AUTORELEASING = YES;
				CLANG_WARN_BOOL_CONVERSION = YES;
				CLANG_WARN_COMMA = YES;
				CLANG_WARN_CONSTANT_CONVERSION = YES;
				CLANG_WARN_DEPRECATED_OBJC_IMPLEMENTATIONS = YES;
				CLANG_WARN_DIRECT_OBJC_ISA_USAGE = YES_ERROR;
				CLANG_WARN_DOCUMENTATION_COMMENTS = YES;
				CLANG_WARN_EMPTY_BODY = YES;
				CLANG_WARN_ENUM_CONVERSION = YES;
				CLANG_WARN_INFINITE_RECURSION = YES;
				CLANG_WARN_INT_CONVERSION = YES;
				CLANG_WARN_NON_LITERAL_NULL_CONVERSION = YES;
				CLANG_WARN_OBJC_IMPLICIT_RETAIN_SELF = YES;
				CLANG_WARN_OBJC_LITERAL_CONVERSION = YES;
				CLANG_WARN_OBJC_ROOT_CLASS = YES_ERROR;
				CLANG_WARN_RANGE_LOOP_ANALYSIS = YES;
				CLANG_WARN_STRICT_PROTOTYPES = YES;
				CLANG_WARN_SUSPICIOUS_MOVE = YES;
				CLANG_WARN_UNGUARDED_AVAILABILITY = YES_AGGRESSIVE;
				CLANG_WARN_UNREACHABLE_CODE = YES;
				CLANG_WARN__DUPLICATE_METHOD_MATCH = YES;
				CODE_SIGN_STYLE = Automatic;
				COPY_PHASE_STRIP = NO;
				DEBUG_INFORMATION_FORMAT = "dwarf-with-dsym";
				DEVELOPMENT_ASSET_PATHS = "\"GridExamples iOS\"/Preview\\ Content";
				ENABLE_NS_ASSERTIONS = NO;
				ENABLE_PREVIEWS = YES;
				ENABLE_STRICT_OBJC_MSGSEND = YES;
				GCC_C_LANGUAGE_STANDARD = gnu11;
				GCC_NO_COMMON_BLOCKS = YES;
				GCC_WARN_64_TO_32_BIT_CONVERSION = YES;
				GCC_WARN_ABOUT_RETURN_TYPE = YES_ERROR;
				GCC_WARN_UNDECLARED_SELECTOR = YES;
				GCC_WARN_UNINITIALIZED_AUTOS = YES_AGGRESSIVE;
				GCC_WARN_UNUSED_FUNCTION = YES;
				GCC_WARN_UNUSED_VARIABLE = YES;
				INFOPLIST_FILE = "GridExamples iOS/Info.plist";
				IPHONEOS_DEPLOYMENT_TARGET = 13.0;
				LD_RUNPATH_SEARCH_PATHS = (
					"$(inherited)",
					"@executable_path/Frameworks",
				);
				MARKETING_VERSION = 1.0.0;
				MTL_ENABLE_DEBUG_INFO = NO;
				MTL_FAST_MATH = YES;
				PRODUCT_BUNDLE_IDENTIFIER = com.spacenation.grid.examples.ios;
				PRODUCT_NAME = "$(TARGET_NAME)";
				SDKROOT = iphoneos;
				SWIFT_COMPILATION_MODE = wholemodule;
				SWIFT_OPTIMIZATION_LEVEL = "-O";
				SWIFT_VERSION = 5.0;
				TARGETED_DEVICE_FAMILY = "1,2";
				VALIDATE_PRODUCT = YES;
			};
			name = Release;
		};
/* End XCBuildConfiguration section */

/* Begin XCConfigurationList section */
		FA2AF4C022EE780300CBBF3E /* Build configuration list for PBXNativeTarget "GridExamples macOS" */ = {
			isa = XCConfigurationList;
			buildConfigurations = (
				FA2AF4C122EE780300CBBF3E /* Debug */,
				FA2AF4C222EE780300CBBF3E /* Release */,
			);
			defaultConfigurationIsVisible = 0;
			defaultConfigurationName = Release;
		};
		FAF1C05522EE157200F92FEA /* Build configuration list for PBXProject "GridExamples" */ = {
			isa = XCConfigurationList;
			buildConfigurations = (
				FAF1C05622EE157200F92FEA /* Debug */,
				FAF1C05722EE157200F92FEA /* Release */,
			);
			defaultConfigurationIsVisible = 0;
			defaultConfigurationName = Release;
		};
		FAF1C06F22EE162100F92FEA /* Build configuration list for PBXNativeTarget "GridExamples iOS" */ = {
			isa = XCConfigurationList;
			buildConfigurations = (
				FAF1C07022EE162100F92FEA /* Debug */,
				FAF1C07122EE162100F92FEA /* Release */,
			);
			defaultConfigurationIsVisible = 0;
			defaultConfigurationName = Release;
		};
/* End XCConfigurationList section */

/* Begin XCSwiftPackageProductDependency section */
		FA2AF4C722EE788C00CBBF3E /* Grid */ = {
			isa = XCSwiftPackageProductDependency;
			productName = Grid;
		};
		FAF1C07322EE17DF00F92FEA /* Grid */ = {
			isa = XCSwiftPackageProductDependency;
			productName = Grid;
		};
/* End XCSwiftPackageProductDependency section */
	};
	rootObject = FAF1C05222EE157200F92FEA /* Project object */;
}
